#MicroXplorer Configuration settings - do not modify
ADC1.Channel-12\#ChannelRegularConversion=ADC_CHANNEL_9
ADC1.Channel-14\#ChannelRegularConversion=ADC_CHANNEL_11
ADC1.Channel-15\#ChannelRegularConversion=ADC_CHANNEL_15
ADC1.Channel-16\#ChannelRegularConversion=ADC_CHANNEL_19
ADC1.Channel-17\#ChannelRegularConversion=ADC_CHANNEL_8
ADC1.Channel-18\#ChannelRegularConversion=ADC_CHANNEL_4
ADC1.ClockPrescaler=ADC_CLOCK_ASYNC_DIV1
ADC1.ClockPrescalerADC3=ADC_CLOCK_ASYNC_DIV1
ADC1.ContinuousConvMode=ENABLE
ADC1.ConversionDataManagement=ADC_CONVERSIONDATA_DMA_CIRCULAR
ADC1.DiscontinuousConvMode=DISABLE
ADC1.EOCSelection=ADC_EOC_SEQ_CONV
ADC1.EnableInjectedConversion=DISABLE
ADC1.EnableRegularConversion=ENABLE
ADC1.IPParameters=ContinuousConvMode,DiscontinuousConvMode,ConversionDataManagement,EnableRegularConversion,OversamplingMode,EOCSelection,Overrun,Resolution,EnableInjectedConversion,Rank-12\#ChannelRegularConversion,Channel-12\#ChannelRegularConversion,SamplingTime-12\#ChannelRegularConversion,OffsetNumber-12\#ChannelRegularConversion,OffsetSignedSaturation-12\#ChannelRegularConversion,NbrOfConversionFlag,NbrOfConversion,Rank-14\#ChannelRegularConversion,Channel-14\#ChannelRegularConversion,SamplingTime-14\#ChannelRegularConversion,OffsetNumber-14\#ChannelRegularConversion,OffsetSignedSaturation-14\#ChannelRegularConversion,Rank-15\#ChannelRegularConversion,Channel-15\#ChannelRegularConversion,SamplingTime-15\#ChannelRegularConversion,OffsetNumber-15\#ChannelRegularConversion,OffsetSignedSaturation-15\#ChannelRegularConversion,Rank-16\#ChannelRegularConversion,Channel-16\#ChannelRegularConversion,SamplingTime-16\#ChannelRegularConversion,OffsetNumber-16\#ChannelRegularConversion,OffsetSignedSaturation-16\#ChannelRegularConversion,ClockPrescaler,Rank-17\#ChannelRegularConversion,Channel-17\#ChannelRegularConversion,SamplingTime-17\#ChannelRegularConversion,OffsetNumber-17\#ChannelRegularConversion,OffsetSignedSaturation-17\#ChannelRegularConversion,ClockPrescalerADC3,master,Rank-18\#ChannelRegularConversion,Channel-18\#ChannelRegularConversion,SamplingTime-18\#ChannelRegularConversion,OffsetNumber-18\#ChannelRegularConversion,OffsetSignedSaturation-18\#ChannelRegularConversion
ADC1.NbrOfConversion=6
ADC1.NbrOfConversionFlag=1
ADC1.OffsetNumber-12\#ChannelRegularConversion=ADC_OFFSET_NONE
ADC1.OffsetNumber-14\#ChannelRegularConversion=ADC_OFFSET_NONE
ADC1.OffsetNumber-15\#ChannelRegularConversion=ADC_OFFSET_NONE
ADC1.OffsetNumber-16\#ChannelRegularConversion=ADC_OFFSET_NONE
ADC1.OffsetNumber-17\#ChannelRegularConversion=ADC_OFFSET_NONE
ADC1.OffsetNumber-18\#ChannelRegularConversion=ADC_OFFSET_NONE
ADC1.OffsetSignedSaturation-12\#ChannelRegularConversion=DISABLE
ADC1.OffsetSignedSaturation-14\#ChannelRegularConversion=DISABLE
ADC1.OffsetSignedSaturation-15\#ChannelRegularConversion=DISABLE
ADC1.OffsetSignedSaturation-16\#ChannelRegularConversion=DISABLE
ADC1.OffsetSignedSaturation-17\#ChannelRegularConversion=DISABLE
ADC1.OffsetSignedSaturation-18\#ChannelRegularConversion=DISABLE
ADC1.Overrun=ADC_OVR_DATA_OVERWRITTEN
ADC1.OversamplingMode=DISABLE
ADC1.Rank-12\#ChannelRegularConversion=1
ADC1.Rank-14\#ChannelRegularConversion=2
ADC1.Rank-15\#ChannelRegularConversion=3
ADC1.Rank-16\#ChannelRegularConversion=4
ADC1.Rank-17\#ChannelRegularConversion=5
ADC1.Rank-18\#ChannelRegularConversion=6
ADC1.Resolution=ADC_RESOLUTION_16B
ADC1.SamplingTime-12\#ChannelRegularConversion=ADC_SAMPLETIME_810CYCLES_5
ADC1.SamplingTime-14\#ChannelRegularConversion=ADC_SAMPLETIME_810CYCLES_5
ADC1.SamplingTime-15\#ChannelRegularConversion=ADC_SAMPLETIME_810CYCLES_5
ADC1.SamplingTime-16\#ChannelRegularConversion=ADC_SAMPLETIME_810CYCLES_5
ADC1.SamplingTime-17\#ChannelRegularConversion=ADC_SAMPLETIME_810CYCLES_5
ADC1.SamplingTime-18\#ChannelRegularConversion=ADC_SAMPLETIME_810CYCLES_5
ADC1.master=1
ADC3.Channel-1\#ChannelRegularConversion=ADC_CHANNEL_3
ADC3.ClockPrescaler=ADC_CLOCK_ASYNC_DIV1
ADC3.ClockPrescalerADC3=ADC_CLOCK_ASYNC_DIV1
ADC3.ContinuousConvMode=ENABLE
ADC3.ConversionDataManagement=ADC_CONVERSIONDATA_DMA_CIRCULAR
ADC3.EOCSelection=ADC_EOC_SEQ_CONV
ADC3.IPParameters=Rank-1\#ChannelRegularConversion,Channel-1\#ChannelRegularConversion,SamplingTime-1\#ChannelRegularConversion,OffsetNumber-1\#ChannelRegularConversion,OffsetSignedSaturation-1\#ChannelRegularConversion,NbrOfConversionFlag,ClockPrescalerADC3,ContinuousConvMode,Overrun,EOCSelection,ConversionDataManagement,ClockPrescaler
ADC3.NbrOfConversionFlag=1
ADC3.OffsetNumber-1\#ChannelRegularConversion=ADC_OFFSET_NONE
ADC3.OffsetSignedSaturation-1\#ChannelRegularConversion=DISABLE
ADC3.Overrun=ADC_OVR_DATA_OVERWRITTEN
ADC3.Rank-1\#ChannelRegularConversion=1
ADC3.SamplingTime-1\#ChannelRegularConversion=ADC_SAMPLETIME_810CYCLES_5
CAD.formats=
CAD.pinconfig=
CAD.provider=
CORTEX_M7.AccessPermission-Cortex_Memory_Protection_Unit_Region0_Settings=MPU_REGION_FULL_ACCESS
CORTEX_M7.AccessPermission-Cortex_Memory_Protection_Unit_Region1_Settings=MPU_REGION_FULL_ACCESS
CORTEX_M7.AccessPermission-Cortex_Memory_Protection_Unit_Region2_Settings=MPU_REGION_FULL_ACCESS
CORTEX_M7.AccessPermission_Spec=MPU_REGION_FULL_ACCESS
CORTEX_M7.BaseAddress-Cortex_Memory_Protection_Unit_Region0_Settings=0x24000000
CORTEX_M7.BaseAddress-Cortex_Memory_Protection_Unit_Region1_Settings=0x30000000
CORTEX_M7.BaseAddress-Cortex_Memory_Protection_Unit_Region2_Settings=0x30020000
CORTEX_M7.BaseAddress_Spec=0x24000000
CORTEX_M7.CPU_DCache=Enabled
CORTEX_M7.CPU_ICache=Enabled
CORTEX_M7.DisableExec_Spec=MPU_INSTRUCTION_ACCESS_ENABLE
CORTEX_M7.Enable-Cortex_Memory_Protection_Unit_Region0_Settings=MPU_REGION_ENABLE
CORTEX_M7.Enable-Cortex_Memory_Protection_Unit_Region1_Settings=MPU_REGION_ENABLE
CORTEX_M7.Enable-Cortex_Memory_Protection_Unit_Region2_Settings=MPU_REGION_ENABLE
CORTEX_M7.IPParameters=default_mode_Activation,CPU_ICache,CPU_DCache,MPU_Control,DisableExec_Spec,IsShareable_Spec,IsCacheable_Spec,IsBufferable_Spec,AccessPermission_Spec,TypeExtField_Spec,SubRegionDisable_Spec,Size_Spec,BaseAddress_Spec,Enable-Cortex_Memory_Protection_Unit_Region0_Settings,BaseAddress-Cortex_Memory_Protection_Unit_Region0_Settings,Size-Cortex_Memory_Protection_Unit_Region0_Settings,TypeExtField-Cortex_Memory_Protection_Unit_Region0_Settings,AccessPermission-Cortex_Memory_Protection_Unit_Region0_Settings,IsCacheable-Cortex_Memory_Protection_Unit_Region0_Settings,IsBufferable-Cortex_Memory_Protection_Unit_Region0_Settings,Enable-Cortex_Memory_Protection_Unit_Region1_Settings,BaseAddress-Cortex_Memory_Protection_Unit_Region1_Settings,Size-Cortex_Memory_Protection_Unit_Region1_Settings,TypeExtField-Cortex_Memory_Protection_Unit_Region1_Settings,AccessPermission-Cortex_Memory_Protection_Unit_Region1_Settings,IsCacheable-Cortex_Memory_Protection_Unit_Region1_Settings,IsBufferable-Cortex_Memory_Protection_Unit_Region1_Settings,Enable-Cortex_Memory_Protection_Unit_Region2_Settings,BaseAddress-Cortex_Memory_Protection_Unit_Region2_Settings,Size-Cortex_Memory_Protection_Unit_Region2_Settings,TypeExtField-Cortex_Memory_Protection_Unit_Region2_Settings,AccessPermission-Cortex_Memory_Protection_Unit_Region2_Settings,IsCacheable-Cortex_Memory_Protection_Unit_Region2_Settings,IsBufferable-Cortex_Memory_Protection_Unit_Region2_Settings
CORTEX_M7.IsBufferable-Cortex_Memory_Protection_Unit_Region0_Settings=MPU_ACCESS_NOT_BUFFERABLE
CORTEX_M7.IsBufferable-Cortex_Memory_Protection_Unit_Region1_Settings=MPU_ACCESS_NOT_BUFFERABLE
CORTEX_M7.IsBufferable-Cortex_Memory_Protection_Unit_Region2_Settings=MPU_ACCESS_NOT_BUFFERABLE
CORTEX_M7.IsBufferable_Spec=MPU_ACCESS_BUFFERABLE
CORTEX_M7.IsCacheable-Cortex_Memory_Protection_Unit_Region0_Settings=MPU_ACCESS_CACHEABLE
CORTEX_M7.IsCacheable-Cortex_Memory_Protection_Unit_Region1_Settings=MPU_ACCESS_CACHEABLE
CORTEX_M7.IsCacheable-Cortex_Memory_Protection_Unit_Region2_Settings=MPU_ACCESS_CACHEABLE
CORTEX_M7.IsCacheable_Spec=MPU_ACCESS_CACHEABLE
CORTEX_M7.IsShareable_Spec=MPU_ACCESS_NOT_SHAREABLE
CORTEX_M7.MPU_Control=MPU_HFNMI_PRIVDEF
CORTEX_M7.Size-Cortex_Memory_Protection_Unit_Region0_Settings=MPU_REGION_SIZE_512KB
CORTEX_M7.Size-Cortex_Memory_Protection_Unit_Region1_Settings=MPU_REGION_SIZE_128KB
CORTEX_M7.Size-Cortex_Memory_Protection_Unit_Region2_Settings=MPU_REGION_SIZE_128KB
CORTEX_M7.Size_Spec=MPU_REGION_SIZE_512KB
CORTEX_M7.SubRegionDisable_Spec=0
CORTEX_M7.TypeExtField-Cortex_Memory_Protection_Unit_Region0_Settings=MPU_TEX_LEVEL0
CORTEX_M7.TypeExtField-Cortex_Memory_Protection_Unit_Region1_Settings=MPU_TEX_LEVEL0
CORTEX_M7.TypeExtField-Cortex_Memory_Protection_Unit_Region2_Settings=MPU_TEX_LEVEL0
CORTEX_M7.TypeExtField_Spec=MPU_TEX_LEVEL1
CORTEX_M7.default_mode_Activation=0
DAC1.DAC1_OutputBuffer-DAC_OUT1=DAC_OUTPUTBUFFER_DISABLE
DAC1.DAC_Channel-DAC_OUT1=DAC_CHANNEL_1
DAC1.DAC_Trigger-DAC_OUT1=DAC_TRIGGER_T15_TRGO
DAC1.IPParameters=DAC_Channel-DAC_OUT1,DAC1_OutputBuffer-DAC_OUT1,DAC_Trigger-DAC_OUT1
Dma.ADC1.2.Direction=DMA_PERIPH_TO_MEMORY
Dma.ADC1.2.EventEnable=DISABLE
Dma.ADC1.2.FIFOMode=DMA_FIFOMODE_DISABLE
Dma.ADC1.2.Instance=DMA2_Stream0
Dma.ADC1.2.MemDataAlignment=DMA_MDATAALIGN_HALFWORD
Dma.ADC1.2.MemInc=DMA_MINC_ENABLE
Dma.ADC1.2.Mode=DMA_CIRCULAR
Dma.ADC1.2.PeriphDataAlignment=DMA_PDATAALIGN_HALFWORD
Dma.ADC1.2.PeriphInc=DMA_PINC_DISABLE
Dma.ADC1.2.Polarity=HAL_DMAMUX_REQ_GEN_RISING
Dma.ADC1.2.Priority=DMA_PRIORITY_HIGH
Dma.ADC1.2.RequestNumber=1
Dma.ADC1.2.RequestParameters=Instance,Direction,PeriphInc,MemInc,PeriphDataAlignment,MemDataAlignment,Mode,Priority,FIFOMode,SignalID,Polarity,RequestNumber,SyncSignalID,SyncPolarity,SyncEnable,EventEnable,SyncRequestNumber
Dma.ADC1.2.SignalID=NONE
Dma.ADC1.2.SyncEnable=DISABLE
Dma.ADC1.2.SyncPolarity=HAL_DMAMUX_SYNC_NO_EVENT
Dma.ADC1.2.SyncRequestNumber=1
Dma.ADC1.2.SyncSignalID=NONE
Dma.ADC3.9.Direction=DMA_PERIPH_TO_MEMORY
Dma.ADC3.9.EventEnable=DISABLE
Dma.ADC3.9.FIFOMode=DMA_FIFOMODE_DISABLE
Dma.ADC3.9.Instance=DMA2_Stream6
Dma.ADC3.9.MemDataAlignment=DMA_MDATAALIGN_HALFWORD
Dma.ADC3.9.MemInc=DMA_MINC_ENABLE
Dma.ADC3.9.Mode=DMA_CIRCULAR
Dma.ADC3.9.PeriphDataAlignment=DMA_PDATAALIGN_HALFWORD
Dma.ADC3.9.PeriphInc=DMA_PINC_DISABLE
Dma.ADC3.9.Polarity=HAL_DMAMUX_REQ_GEN_RISING
Dma.ADC3.9.Priority=DMA_PRIORITY_HIGH
Dma.ADC3.9.RequestNumber=1
Dma.ADC3.9.RequestParameters=Instance,Direction,PeriphInc,MemInc,PeriphDataAlignment,MemDataAlignment,Mode,Priority,FIFOMode,SignalID,Polarity,RequestNumber,SyncSignalID,SyncPolarity,SyncEnable,EventEnable,SyncRequestNumber
Dma.ADC3.9.SignalID=NONE
Dma.ADC3.9.SyncEnable=DISABLE
Dma.ADC3.9.SyncPolarity=HAL_DMAMUX_SYNC_NO_EVENT
Dma.ADC3.9.SyncRequestNumber=1
Dma.ADC3.9.SyncSignalID=NONE
Dma.DAC1_CH1.3.Direction=DMA_MEMORY_TO_PERIPH
Dma.DAC1_CH1.3.EventEnable=DISABLE
Dma.DAC1_CH1.3.FIFOMode=DMA_FIFOMODE_DISABLE
Dma.DAC1_CH1.3.Instance=DMA1_Stream1
Dma.DAC1_CH1.3.MemDataAlignment=DMA_MDATAALIGN_HALFWORD
Dma.DAC1_CH1.3.MemInc=DMA_MINC_ENABLE
Dma.DAC1_CH1.3.Mode=DMA_NORMAL
Dma.DAC1_CH1.3.PeriphDataAlignment=DMA_PDATAALIGN_HALFWORD
Dma.DAC1_CH1.3.PeriphInc=DMA_PINC_DISABLE
Dma.DAC1_CH1.3.Polarity=HAL_DMAMUX_REQ_GEN_RISING
Dma.DAC1_CH1.3.Priority=DMA_PRIORITY_LOW
Dma.DAC1_CH1.3.RequestNumber=1
Dma.DAC1_CH1.3.RequestParameters=Instance,Direction,PeriphInc,MemInc,PeriphDataAlignment,MemDataAlignment,Mode,Priority,FIFOMode,SignalID,Polarity,RequestNumber,SyncSignalID,SyncPolarity,SyncEnable,EventEnable,SyncRequestNumber
Dma.DAC1_CH1.3.SignalID=NONE
Dma.DAC1_CH1.3.SyncEnable=DISABLE
Dma.DAC1_CH1.3.SyncPolarity=HAL_DMAMUX_SYNC_NO_EVENT
Dma.DAC1_CH1.3.SyncRequestNumber=1
Dma.DAC1_CH1.3.SyncSignalID=NONE
Dma.Request0=UART4_TX
Dma.Request1=TIM16_CH1
Dma.Request10=USART6_RX
Dma.Request11=USART1_RX
Dma.Request12=USART1_TX
Dma.Request13=UART4_RX
Dma.Request14=USART6_TX
Dma.Request2=ADC1
Dma.Request3=DAC1_CH1
Dma.Request4=TIM1_CH2
Dma.Request5=SPI1_TX
Dma.Request6=USART2_RX
Dma.Request7=USART2_TX
Dma.Request8=UART5_TX
Dma.Request9=ADC3
Dma.RequestsNb=15
Dma.SPI1_TX.5.Direction=DMA_MEMORY_TO_PERIPH
Dma.SPI1_TX.5.EventEnable=DISABLE
Dma.SPI1_TX.5.FIFOMode=DMA_FIFOMODE_DISABLE
Dma.SPI1_TX.5.Instance=DMA1_Stream6
Dma.SPI1_TX.5.MemDataAlignment=DMA_MDATAALIGN_BYTE
Dma.SPI1_TX.5.MemInc=DMA_MINC_ENABLE
Dma.SPI1_TX.5.Mode=DMA_NORMAL
Dma.SPI1_TX.5.PeriphDataAlignment=DMA_PDATAALIGN_BYTE
Dma.SPI1_TX.5.PeriphInc=DMA_PINC_DISABLE
Dma.SPI1_TX.5.Polarity=HAL_DMAMUX_REQ_GEN_RISING
Dma.SPI1_TX.5.Priority=DMA_PRIORITY_LOW
Dma.SPI1_TX.5.RequestNumber=1
Dma.SPI1_TX.5.RequestParameters=Instance,Direction,PeriphInc,MemInc,PeriphDataAlignment,MemDataAlignment,Mode,Priority,FIFOMode,SignalID,Polarity,RequestNumber,SyncSignalID,SyncPolarity,SyncEnable,EventEnable,SyncRequestNumber
Dma.SPI1_TX.5.SignalID=NONE
Dma.SPI1_TX.5.SyncEnable=DISABLE
Dma.SPI1_TX.5.SyncPolarity=HAL_DMAMUX_SYNC_NO_EVENT
Dma.SPI1_TX.5.SyncRequestNumber=1
Dma.SPI1_TX.5.SyncSignalID=NONE
Dma.TIM16_CH1.1.Direction=DMA_MEMORY_TO_PERIPH
Dma.TIM16_CH1.1.EventEnable=DISABLE
Dma.TIM16_CH1.1.FIFOMode=DMA_FIFOMODE_DISABLE
Dma.TIM16_CH1.1.Instance=DMA1_Stream0
Dma.TIM16_CH1.1.MemDataAlignment=DMA_MDATAALIGN_HALFWORD
Dma.TIM16_CH1.1.MemInc=DMA_MINC_ENABLE
Dma.TIM16_CH1.1.Mode=DMA_CIRCULAR
Dma.TIM16_CH1.1.PeriphDataAlignment=DMA_PDATAALIGN_HALFWORD
Dma.TIM16_CH1.1.PeriphInc=DMA_PINC_DISABLE
Dma.TIM16_CH1.1.Polarity=HAL_DMAMUX_REQ_GEN_RISING
Dma.TIM16_CH1.1.Priority=DMA_PRIORITY_LOW
Dma.TIM16_CH1.1.RequestNumber=1
Dma.TIM16_CH1.1.RequestParameters=Instance,Direction,PeriphInc,MemInc,PeriphDataAlignment,MemDataAlignment,Mode,Priority,FIFOMode,SignalID,Polarity,RequestNumber,SyncSignalID,SyncPolarity,SyncEnable,EventEnable,SyncRequestNumber
Dma.TIM16_CH1.1.SignalID=NONE
Dma.TIM16_CH1.1.SyncEnable=DISABLE
Dma.TIM16_CH1.1.SyncPolarity=HAL_DMAMUX_SYNC_NO_EVENT
Dma.TIM16_CH1.1.SyncRequestNumber=1
Dma.TIM16_CH1.1.SyncSignalID=NONE
Dma.TIM1_CH2.4.Direction=DMA_MEMORY_TO_PERIPH
Dma.TIM1_CH2.4.EventEnable=DISABLE
Dma.TIM1_CH2.4.FIFOMode=DMA_FIFOMODE_DISABLE
Dma.TIM1_CH2.4.Instance=DMA1_Stream3
Dma.TIM1_CH2.4.MemDataAlignment=DMA_MDATAALIGN_HALFWORD
Dma.TIM1_CH2.4.MemInc=DMA_MINC_ENABLE
Dma.TIM1_CH2.4.Mode=DMA_NORMAL
Dma.TIM1_CH2.4.PeriphDataAlignment=DMA_PDATAALIGN_HALFWORD
Dma.TIM1_CH2.4.PeriphInc=DMA_PINC_DISABLE
Dma.TIM1_CH2.4.Polarity=HAL_DMAMUX_REQ_GEN_RISING
Dma.TIM1_CH2.4.Priority=DMA_PRIORITY_LOW
Dma.TIM1_CH2.4.RequestNumber=1
Dma.TIM1_CH2.4.RequestParameters=Instance,Direction,PeriphInc,MemInc,PeriphDataAlignment,MemDataAlignment,Mode,Priority,FIFOMode,SignalID,Polarity,RequestNumber,SyncSignalID,SyncPolarity,SyncEnable,EventEnable,SyncRequestNumber
Dma.TIM1_CH2.4.SignalID=NONE
Dma.TIM1_CH2.4.SyncEnable=DISABLE
Dma.TIM1_CH2.4.SyncPolarity=HAL_DMAMUX_SYNC_NO_EVENT
Dma.TIM1_CH2.4.SyncRequestNumber=1
Dma.TIM1_CH2.4.SyncSignalID=NONE
Dma.UART4_RX.13.Direction=DMA_PERIPH_TO_MEMORY
Dma.UART4_RX.13.EventEnable=DISABLE
Dma.UART4_RX.13.FIFOMode=DMA_FIFOMODE_DISABLE
Dma.UART4_RX.13.Instance=DMA2_Stream5
Dma.UART4_RX.13.MemDataAlignment=DMA_MDATAALIGN_BYTE
Dma.UART4_RX.13.MemInc=DMA_MINC_ENABLE
Dma.UART4_RX.13.Mode=DMA_CIRCULAR
Dma.UART4_RX.13.PeriphDataAlignment=DMA_PDATAALIGN_BYTE
Dma.UART4_RX.13.PeriphInc=DMA_PINC_DISABLE
Dma.UART4_RX.13.Polarity=HAL_DMAMUX_REQ_GEN_RISING
Dma.UART4_RX.13.Priority=DMA_PRIORITY_LOW
Dma.UART4_RX.13.RequestNumber=1
Dma.UART4_RX.13.RequestParameters=Instance,Direction,PeriphInc,MemInc,PeriphDataAlignment,MemDataAlignment,Mode,Priority,FIFOMode,SignalID,Polarity,RequestNumber,SyncSignalID,SyncPolarity,SyncEnable,EventEnable,SyncRequestNumber
Dma.UART4_RX.13.SignalID=NONE
Dma.UART4_RX.13.SyncEnable=DISABLE
Dma.UART4_RX.13.SyncPolarity=HAL_DMAMUX_SYNC_NO_EVENT
Dma.UART4_RX.13.SyncRequestNumber=1
Dma.UART4_RX.13.SyncSignalID=NONE
Dma.UART4_TX.0.Direction=DMA_MEMORY_TO_PERIPH
Dma.UART4_TX.0.EventEnable=DISABLE
Dma.UART4_TX.0.FIFOMode=DMA_FIFOMODE_DISABLE
Dma.UART4_TX.0.Instance=DMA1_Stream2
Dma.UART4_TX.0.MemDataAlignment=DMA_MDATAALIGN_BYTE
Dma.UART4_TX.0.MemInc=DMA_MINC_ENABLE
Dma.UART4_TX.0.Mode=DMA_NORMAL
Dma.UART4_TX.0.PeriphDataAlignment=DMA_PDATAALIGN_BYTE
Dma.UART4_TX.0.PeriphInc=DMA_PINC_DISABLE
Dma.UART4_TX.0.Polarity=HAL_DMAMUX_REQ_GEN_RISING
Dma.UART4_TX.0.Priority=DMA_PRIORITY_LOW
Dma.UART4_TX.0.RequestNumber=1
Dma.UART4_TX.0.RequestParameters=Instance,Direction,PeriphInc,MemInc,PeriphDataAlignment,MemDataAlignment,Mode,Priority,FIFOMode,SignalID,Polarity,RequestNumber,SyncSignalID,SyncPolarity,SyncEnable,EventEnable,SyncRequestNumber
Dma.UART4_TX.0.SignalID=NONE
Dma.UART4_TX.0.SyncEnable=DISABLE
Dma.UART4_TX.0.SyncPolarity=HAL_DMAMUX_SYNC_NO_EVENT
Dma.UART4_TX.0.SyncRequestNumber=1
Dma.UART4_TX.0.SyncSignalID=NONE
Dma.UART5_TX.8.Direction=DMA_MEMORY_TO_PERIPH
Dma.UART5_TX.8.EventEnable=DISABLE
Dma.UART5_TX.8.FIFOMode=DMA_FIFOMODE_DISABLE
Dma.UART5_TX.8.Instance=DMA2_Stream1
Dma.UART5_TX.8.MemDataAlignment=DMA_MDATAALIGN_BYTE
Dma.UART5_TX.8.MemInc=DMA_MINC_ENABLE
Dma.UART5_TX.8.Mode=DMA_NORMAL
Dma.UART5_TX.8.PeriphDataAlignment=DMA_PDATAALIGN_BYTE
Dma.UART5_TX.8.PeriphInc=DMA_PINC_DISABLE
Dma.UART5_TX.8.Polarity=HAL_DMAMUX_REQ_GEN_RISING
Dma.UART5_TX.8.Priority=DMA_PRIORITY_LOW
Dma.UART5_TX.8.RequestNumber=1
Dma.UART5_TX.8.RequestParameters=Instance,Direction,PeriphInc,MemInc,PeriphDataAlignment,MemDataAlignment,Mode,Priority,FIFOMode,SignalID,Polarity,RequestNumber,SyncSignalID,SyncPolarity,SyncEnable,EventEnable,SyncRequestNumber
Dma.UART5_TX.8.SignalID=NONE
Dma.UART5_TX.8.SyncEnable=DISABLE
Dma.UART5_TX.8.SyncPolarity=HAL_DMAMUX_SYNC_NO_EVENT
Dma.UART5_TX.8.SyncRequestNumber=1
Dma.UART5_TX.8.SyncSignalID=NONE
Dma.USART1_RX.11.Direction=DMA_PERIPH_TO_MEMORY
Dma.USART1_RX.11.EventEnable=DISABLE
Dma.USART1_RX.11.FIFOMode=DMA_FIFOMODE_DISABLE
Dma.USART1_RX.11.Instance=DMA2_Stream7
Dma.USART1_RX.11.MemDataAlignment=DMA_MDATAALIGN_BYTE
Dma.USART1_RX.11.MemInc=DMA_MINC_ENABLE
Dma.USART1_RX.11.Mode=DMA_CIRCULAR
Dma.USART1_RX.11.PeriphDataAlignment=DMA_PDATAALIGN_BYTE
Dma.USART1_RX.11.PeriphInc=DMA_PINC_DISABLE
Dma.USART1_RX.11.Polarity=HAL_DMAMUX_REQ_GEN_RISING
Dma.USART1_RX.11.Priority=DMA_PRIORITY_LOW
Dma.USART1_RX.11.RequestNumber=1
Dma.USART1_RX.11.RequestParameters=Instance,Direction,PeriphInc,MemInc,PeriphDataAlignment,MemDataAlignment,Mode,Priority,FIFOMode,SignalID,Polarity,RequestNumber,SyncSignalID,SyncPolarity,SyncEnable,EventEnable,SyncRequestNumber
Dma.USART1_RX.11.SignalID=NONE
Dma.USART1_RX.11.SyncEnable=DISABLE
Dma.USART1_RX.11.SyncPolarity=HAL_DMAMUX_SYNC_NO_EVENT
Dma.USART1_RX.11.SyncRequestNumber=1
Dma.USART1_RX.11.SyncSignalID=NONE
Dma.USART1_TX.12.Direction=DMA_MEMORY_TO_PERIPH
Dma.USART1_TX.12.EventEnable=DISABLE
Dma.USART1_TX.12.FIFOMode=DMA_FIFOMODE_DISABLE
Dma.USART1_TX.12.Instance=DMA1_Stream4
Dma.USART1_TX.12.MemDataAlignment=DMA_MDATAALIGN_BYTE
Dma.USART1_TX.12.MemInc=DMA_MINC_ENABLE
Dma.USART1_TX.12.Mode=DMA_NORMAL
Dma.USART1_TX.12.PeriphDataAlignment=DMA_PDATAALIGN_BYTE
Dma.USART1_TX.12.PeriphInc=DMA_PINC_DISABLE
Dma.USART1_TX.12.Polarity=HAL_DMAMUX_REQ_GEN_RISING
Dma.USART1_TX.12.Priority=DMA_PRIORITY_LOW
Dma.USART1_TX.12.RequestNumber=1
Dma.USART1_TX.12.RequestParameters=Instance,Direction,PeriphInc,MemInc,PeriphDataAlignment,MemDataAlignment,Mode,Priority,FIFOMode,SignalID,Polarity,RequestNumber,SyncSignalID,SyncPolarity,SyncEnable,EventEnable,SyncRequestNumber
Dma.USART1_TX.12.SignalID=NONE
Dma.USART1_TX.12.SyncEnable=DISABLE
Dma.USART1_TX.12.SyncPolarity=HAL_DMAMUX_SYNC_NO_EVENT
Dma.USART1_TX.12.SyncRequestNumber=1
Dma.USART1_TX.12.SyncSignalID=NONE
Dma.USART2_RX.6.Direction=DMA_PERIPH_TO_MEMORY
Dma.USART2_RX.6.EventEnable=DISABLE
Dma.USART2_RX.6.FIFOMode=DMA_FIFOMODE_DISABLE
Dma.USART2_RX.6.Instance=DMA1_Stream5
Dma.USART2_RX.6.MemDataAlignment=DMA_MDATAALIGN_BYTE
Dma.USART2_RX.6.MemInc=DMA_MINC_ENABLE
Dma.USART2_RX.6.Mode=DMA_CIRCULAR
Dma.USART2_RX.6.PeriphDataAlignment=DMA_PDATAALIGN_BYTE
Dma.USART2_RX.6.PeriphInc=DMA_PINC_DISABLE
Dma.USART2_RX.6.Polarity=HAL_DMAMUX_REQ_GEN_RISING
Dma.USART2_RX.6.Priority=DMA_PRIORITY_LOW
Dma.USART2_RX.6.RequestNumber=1
Dma.USART2_RX.6.RequestParameters=Instance,Direction,PeriphInc,MemInc,PeriphDataAlignment,MemDataAlignment,Mode,Priority,FIFOMode,SignalID,Polarity,RequestNumber,SyncSignalID,SyncPolarity,SyncEnable,EventEnable,SyncRequestNumber
Dma.USART2_RX.6.SignalID=NONE
Dma.USART2_RX.6.SyncEnable=DISABLE
Dma.USART2_RX.6.SyncPolarity=HAL_DMAMUX_SYNC_NO_EVENT
Dma.USART2_RX.6.SyncRequestNumber=1
Dma.USART2_RX.6.SyncSignalID=NONE
Dma.USART2_TX.7.Direction=DMA_MEMORY_TO_PERIPH
Dma.USART2_TX.7.EventEnable=DISABLE
Dma.USART2_TX.7.FIFOMode=DMA_FIFOMODE_DISABLE
Dma.USART2_TX.7.Instance=DMA1_Stream7
Dma.USART2_TX.7.MemDataAlignment=DMA_MDATAALIGN_BYTE
Dma.USART2_TX.7.MemInc=DMA_MINC_ENABLE
Dma.USART2_TX.7.Mode=DMA_NORMAL
Dma.USART2_TX.7.PeriphDataAlignment=DMA_PDATAALIGN_BYTE
Dma.USART2_TX.7.PeriphInc=DMA_PINC_DISABLE
Dma.USART2_TX.7.Polarity=HAL_DMAMUX_REQ_GEN_RISING
Dma.USART2_TX.7.Priority=DMA_PRIORITY_LOW
Dma.USART2_TX.7.RequestNumber=1
Dma.USART2_TX.7.RequestParameters=Instance,Direction,PeriphInc,MemInc,PeriphDataAlignment,MemDataAlignment,Mode,Priority,FIFOMode,SignalID,Polarity,RequestNumber,SyncSignalID,SyncPolarity,SyncEnable,EventEnable,SyncRequestNumber
Dma.USART2_TX.7.SignalID=NONE
Dma.USART2_TX.7.SyncEnable=DISABLE
Dma.USART2_TX.7.SyncPolarity=HAL_DMAMUX_SYNC_NO_EVENT
Dma.USART2_TX.7.SyncRequestNumber=1
Dma.USART2_TX.7.SyncSignalID=NONE
Dma.USART6_RX.10.Direction=DMA_PERIPH_TO_MEMORY
Dma.USART6_RX.10.EventEnable=DISABLE
Dma.USART6_RX.10.FIFOMode=DMA_FIFOMODE_DISABLE
Dma.USART6_RX.10.Instance=DMA2_Stream4
Dma.USART6_RX.10.MemDataAlignment=DMA_MDATAALIGN_BYTE
Dma.USART6_RX.10.MemInc=DMA_MINC_ENABLE
Dma.USART6_RX.10.Mode=DMA_CIRCULAR
Dma.USART6_RX.10.PeriphDataAlignment=DMA_PDATAALIGN_BYTE
Dma.USART6_RX.10.PeriphInc=DMA_PINC_DISABLE
Dma.USART6_RX.10.Polarity=HAL_DMAMUX_REQ_GEN_RISING
Dma.USART6_RX.10.Priority=DMA_PRIORITY_LOW
Dma.USART6_RX.10.RequestNumber=1
Dma.USART6_RX.10.RequestParameters=Instance,Direction,PeriphInc,MemInc,PeriphDataAlignment,MemDataAlignment,Mode,Priority,FIFOMode,SignalID,Polarity,RequestNumber,SyncSignalID,SyncPolarity,SyncEnable,EventEnable,SyncRequestNumber
Dma.USART6_RX.10.SignalID=NONE
Dma.USART6_RX.10.SyncEnable=DISABLE
Dma.USART6_RX.10.SyncPolarity=HAL_DMAMUX_SYNC_NO_EVENT
Dma.USART6_RX.10.SyncRequestNumber=1
Dma.USART6_RX.10.SyncSignalID=NONE
Dma.USART6_TX.14.Direction=DMA_MEMORY_TO_PERIPH
Dma.USART6_TX.14.EventEnable=DISABLE
Dma.USART6_TX.14.FIFOMode=DMA_FIFOMODE_DISABLE
Dma.USART6_TX.14.Instance=DMA2_Stream2
Dma.USART6_TX.14.MemDataAlignment=DMA_MDATAALIGN_BYTE
Dma.USART6_TX.14.MemInc=DMA_MINC_ENABLE
Dma.USART6_TX.14.Mode=DMA_NORMAL
Dma.USART6_TX.14.PeriphDataAlignment=DMA_PDATAALIGN_BYTE
Dma.USART6_TX.14.PeriphInc=DMA_PINC_DISABLE
Dma.USART6_TX.14.Polarity=HAL_DMAMUX_REQ_GEN_RISING
Dma.USART6_TX.14.Priority=DMA_PRIORITY_LOW
Dma.USART6_TX.14.RequestNumber=1
Dma.USART6_TX.14.RequestParameters=Instance,Direction,PeriphInc,MemInc,PeriphDataAlignment,MemDataAlignment,Mode,Priority,FIFOMode,SignalID,Polarity,RequestNumber,SyncSignalID,SyncPolarity,SyncEnable,EventEnable,SyncRequestNumber
Dma.USART6_TX.14.SignalID=NONE
Dma.USART6_TX.14.SyncEnable=DISABLE
Dma.USART6_TX.14.SyncPolarity=HAL_DMAMUX_SYNC_NO_EVENT
Dma.USART6_TX.14.SyncRequestNumber=1
Dma.USART6_TX.14.SyncSignalID=NONE
FATFS.BSP.number=1
FATFS.IPParameters=_CODE_PAGE,_USE_LFN,_FS_EXFAT,_USE_TRIM,_USE_MUTEX,_FS_TIMEOUT
FATFS._CODE_PAGE=936
FATFS._FS_EXFAT=1
FATFS._FS_TIMEOUT=1000
FATFS._USE_LFN=3
FATFS._USE_MUTEX=1
FATFS._USE_TRIM=1
FATFS0.BSP.STBoard=false
FATFS0.BSP.api=Unknown
FATFS0.BSP.component=
FATFS0.BSP.condition=
FATFS0.BSP.instance=PG6
FATFS0.BSP.ip=GPIO
FATFS0.BSP.mode=Input
FATFS0.BSP.name=Detect_SDIO
FATFS0.BSP.semaphore=
FATFS0.BSP.solution=PG6
FMC.CASLatency1=FMC_SDRAM_CAS_LATENCY_3
FMC.ExitSelfRefreshDelay1=7
FMC.IPParameters=LoadToActiveDelay1,ExitSelfRefreshDelay1,SelfRefreshTime1,RowCycleDelay1,WriteRecoveryTime1,RPDelay1,RCDDelay1,CASLatency1,SDClockPeriod1,ReadBurst1
FMC.LoadToActiveDelay1=2
FMC.RCDDelay1=2
FMC.RPDelay1=2
FMC.ReadBurst1=FMC_SDRAM_RBURST_ENABLE
FMC.RowCycleDelay1=7
FMC.SDClockPeriod1=FMC_SDRAM_CLOCK_PERIOD_2
FMC.SelfRefreshTime1=4
FMC.WriteRecoveryTime1=3
FREERTOS.FootprintOK=true
FREERTOS.HEAP_NUMBER=5
FREERTOS.INCLUDE_pcTaskGetTaskName=1
FREERTOS.INCLUDE_xSemaphoreGetMutexHolder=1
FREERTOS.INCLUDE_xTaskGetHandle=1
FREERTOS.IPParameters=Tasks01,configTOTAL_HEAP_SIZE,configUSE_IDLE_HOOK,configUSE_TICK_HOOK,configUSE_MALLOC_FAILED_HOOK,configUSE_DAEMON_TASK_STARTUP_HOOK,configCHECK_FOR_STACK_OVERFLOW,configGENERATE_RUN_TIME_STATS,configUSE_STATS_FORMATTING_FUNCTIONS,INCLUDE_pcTaskGetTaskName,INCLUDE_xSemaphoreGetMutexHolder,INCLUDE_xTaskGetHandle,configENABLE_FPU,configMAX_TASK_NAME_LEN,configMINIMAL_STACK_SIZE,configENABLE_BACKWARD_COMPATIBILITY,configRECORD_STACK_HIGH_ADDRESS,configUSE_CO_ROUTINES,configLIBRARY_MAX_SYSCALL_INTERRUPT_PRIORITY,FootprintOK,HEAP_NUMBER
FREERTOS.Tasks01=defaultTask,8,1024,StartDefaultTask,Default,NULL,Static,defaultTaskBuffer,defaultTaskControlBlock
FREERTOS.configCHECK_FOR_STACK_OVERFLOW=1
FREERTOS.configENABLE_BACKWARD_COMPATIBILITY=1
FREERTOS.configENABLE_FPU=1
FREERTOS.configGENERATE_RUN_TIME_STATS=1
FREERTOS.configLIBRARY_MAX_SYSCALL_INTERRUPT_PRIORITY=11
FREERTOS.configMAX_TASK_NAME_LEN=64
FREERTOS.configMINIMAL_STACK_SIZE=256
FREERTOS.configRECORD_STACK_HIGH_ADDRESS=1
FREERTOS.configTOTAL_HEAP_SIZE=1024*640
FREERTOS.configUSE_CO_ROUTINES=1
FREERTOS.configUSE_DAEMON_TASK_STARTUP_HOOK=0
FREERTOS.configUSE_IDLE_HOOK=0
FREERTOS.configUSE_MALLOC_FAILED_HOOK=1
FREERTOS.configUSE_STATS_FORMATTING_FUNCTIONS=1
FREERTOS.configUSE_TICK_HOOK=0
File.Version=6
GPIO.groupedBy=Group By Peripherals
I2C1.CustomTiming=Disabled
I2C1.I2C_Fall_Time=0
I2C1.I2C_Rise_Time=0
I2C1.I2C_Speed_Mode=I2C_Fast_Plus
I2C1.IPParameters=Timing,CustomTiming,I2C_Speed_Mode,I2C_Rise_Time,I2C_Fall_Time
I2C1.Timing=0x0050174F
I2C2.CustomTiming=Disabled
I2C2.I2C_Speed_Mode=I2C_Fast_Plus
I2C2.IPParameters=Timing,I2C_Speed_Mode,CustomTiming
I2C2.Timing=0x0050174F
IWDG1.IPParameters=Prescaler,Window,Reload
IWDG1.Prescaler=IWDG_PRESCALER_32
IWDG1.Reload=4000
IWDG1.Window=4000
KeepUserPlacement=false
MMTAppReg1.MEMORYMAP.AppRegionName=DTCMRAM
MMTAppReg1.MEMORYMAP.ContextName=Cortex-M7NS
MMTAppReg1.MEMORYMAP.CoreName=ARM Cortex-M7
MMTAppReg1.MEMORYMAP.IPParameters=StartAddress,Size,CoreName,ContextName,Name
MMTAppReg1.MEMORYMAP.Name=DTCMRAM
MMTAppReg1.MEMORYMAP.Size=131072
MMTAppReg1.MEMORYMAP.StartAddress=0x20000000
MMTAppReg2.MEMORYMAP.AppRegionName=RAM
MMTAppReg2.MEMORYMAP.ContextName=Cortex-M7NS
MMTAppReg2.MEMORYMAP.CoreName=ARM Cortex-M7
MMTAppReg2.MEMORYMAP.DefaultDataRegion=true
MMTAppReg2.MEMORYMAP.IPParameters=StartAddress,Size,CoreName,ContextName,Name,DefaultDataRegion
MMTAppReg2.MEMORYMAP.Name=RAM
MMTAppReg2.MEMORYMAP.Size=524288
MMTAppReg2.MEMORYMAP.StartAddress=0x24000000
MMTAppReg3.MEMORYMAP.AppRegionName=RAM_D2
MMTAppReg3.MEMORYMAP.ContextName=Cortex-M7NS
MMTAppReg3.MEMORYMAP.CoreName=ARM Cortex-M7
MMTAppReg3.MEMORYMAP.IPParameters=StartAddress,Size,CoreName,ContextName,Name
MMTAppReg3.MEMORYMAP.Name=RAM_D2
MMTAppReg3.MEMORYMAP.Size=294912
MMTAppReg3.MEMORYMAP.StartAddress=0x30000000
MMTAppReg4.MEMORYMAP.AppRegionName=RAM_D3
MMTAppReg4.MEMORYMAP.ContextName=Cortex-M7NS
MMTAppReg4.MEMORYMAP.CoreName=ARM Cortex-M7
MMTAppReg4.MEMORYMAP.IPParameters=StartAddress,Size,CoreName,ContextName,Name
MMTAppReg4.MEMORYMAP.Name=RAM_D3
MMTAppReg4.MEMORYMAP.Size=65536
MMTAppReg4.MEMORYMAP.StartAddress=0x38000000
MMTAppReg5.MEMORYMAP.AppRegionName=ITCMRAM
MMTAppReg5.MEMORYMAP.Cacheability=WTRA
MMTAppReg5.MEMORYMAP.ContextName=Cortex-M7NS
MMTAppReg5.MEMORYMAP.CoreName=ARM Cortex-M7
MMTAppReg5.MEMORYMAP.IPParameters=StartAddress,Size,CoreName,ContextName,Name,Cacheability
MMTAppReg5.MEMORYMAP.Name=ITCMRAM
MMTAppReg5.MEMORYMAP.Size=65536
MMTAppReg5.MEMORYMAP.StartAddress=0x00000000
MMTAppReg6.MEMORYMAP.AP=RO_priv_only
MMTAppReg6.MEMORYMAP.AppRegionName=FLASH
MMTAppReg6.MEMORYMAP.Cacheability=WTRA
MMTAppReg6.MEMORYMAP.ContextName=Cortex-M7NS
MMTAppReg6.MEMORYMAP.CoreName=ARM Cortex-M7
MMTAppReg6.MEMORYMAP.DefaultCodeRegion=true
MMTAppReg6.MEMORYMAP.IPParameters=StartAddress,Size,CoreName,MemType,ContextName,Name,AP,Cacheability,DefaultCodeRegion,ISRRegion,RootBootRegion
MMTAppReg6.MEMORYMAP.ISRRegion=true
MMTAppReg6.MEMORYMAP.MemType=ROM
MMTAppReg6.MEMORYMAP.Name=FLASH
MMTAppReg6.MEMORYMAP.RootBootRegion=true
MMTAppReg6.MEMORYMAP.Size=131072
MMTAppReg6.MEMORYMAP.StartAddress=0x08000000
MMTAppRegionsCount=6
MMTConfigApplied=false
Mcu.CPN=STM32H750ZBT6
Mcu.Family=STM32H7
Mcu.IP0=ADC1
Mcu.IP1=ADC3
Mcu.IP10=I2C2
Mcu.IP11=IWDG1
Mcu.IP12=MEMORYMAP
Mcu.IP13=NVIC
Mcu.IP14=QUADSPI
Mcu.IP15=RCC
Mcu.IP16=RTC
Mcu.IP17=SDMMC1
Mcu.IP18=SPI1
Mcu.IP19=SYS
Mcu.IP2=CORTEX_M7
Mcu.IP20=TIM1
Mcu.IP21=TIM2
Mcu.IP22=TIM3
Mcu.IP23=TIM5
Mcu.IP24=TIM15
Mcu.IP25=TIM16
Mcu.IP26=UART4
Mcu.IP27=UART5
Mcu.IP28=USART1
Mcu.IP29=USART2
Mcu.IP3=DAC1
Mcu.IP30=USART6
Mcu.IP31=USB_DEVICE
Mcu.IP32=USB_OTG_FS
Mcu.IP4=DEBUG
Mcu.IP5=DMA
Mcu.IP6=FATFS
Mcu.IP7=FMC
Mcu.IP8=FREERTOS
Mcu.IP9=I2C1
Mcu.IPNb=33
Mcu.Name=STM32H750ZBTx
Mcu.Package=LQFP144
Mcu.Pin0=PE2
Mcu.Pin1=PE3
Mcu.Pin10=PF3
Mcu.Pin100=PB5
Mcu.Pin101=PB6
Mcu.Pin102=PB7
Mcu.Pin103=PB8
Mcu.Pin104=PB9
Mcu.Pin105=PE0
Mcu.Pin106=PE1
Mcu.Pin107=VP_FATFS_VS_SDIO
Mcu.Pin108=VP_FREERTOS_VS_CMSIS_V2
Mcu.Pin109=VP_IWDG1_VS_IWDG
Mcu.Pin11=PF4
Mcu.Pin110=VP_RTC_VS_RTC_Activate
Mcu.Pin111=VP_SYS_VS_tim12
Mcu.Pin112=VP_TIM5_VS_ClockSourceINT
Mcu.Pin113=VP_TIM15_VS_ClockSourceINT
Mcu.Pin114=VP_TIM16_VS_ClockSourceINT
Mcu.Pin115=VP_USB_DEVICE_VS_USB_DEVICE_CDC_FS
Mcu.Pin116=VP_MEMORYMAP_VS_MEMORYMAP
Mcu.Pin12=PF5
Mcu.Pin13=PF6
Mcu.Pin14=PF7
Mcu.Pin15=PF8
Mcu.Pin16=PH0-OSC_IN (PH0)
Mcu.Pin17=PH1-OSC_OUT (PH1)
Mcu.Pin18=PC0
Mcu.Pin19=PC1
Mcu.Pin2=PE4
Mcu.Pin20=PC2_C
Mcu.Pin21=PC3_C
Mcu.Pin22=PA0
Mcu.Pin23=PA1
Mcu.Pin24=PA2
Mcu.Pin25=PA3
Mcu.Pin26=PA4
Mcu.Pin27=PA5
Mcu.Pin28=PA6
Mcu.Pin29=PA7
Mcu.Pin3=PE5
Mcu.Pin30=PC4
Mcu.Pin31=PC5
Mcu.Pin32=PB0
Mcu.Pin33=PB2
Mcu.Pin34=PF11
Mcu.Pin35=PF12
Mcu.Pin36=PF13
Mcu.Pin37=PF14
Mcu.Pin38=PF15
Mcu.Pin39=PG0
Mcu.Pin4=PE6
Mcu.Pin40=PG1
Mcu.Pin41=PE7
Mcu.Pin42=PE8
Mcu.Pin43=PE9
Mcu.Pin44=PE10
Mcu.Pin45=PE11
Mcu.Pin46=PE12
Mcu.Pin47=PE13
Mcu.Pin48=PE14
Mcu.Pin49=PE15
Mcu.Pin5=PC14-OSC32_IN (OSC32_IN)
Mcu.Pin50=PB10
Mcu.Pin51=PB11
Mcu.Pin52=PB12
Mcu.Pin53=PB13
Mcu.Pin54=PB14
Mcu.Pin55=PB15
Mcu.Pin56=PD8
Mcu.Pin57=PD9
Mcu.Pin58=PD10
Mcu.Pin59=PD11
Mcu.Pin6=PC15-OSC32_OUT (OSC32_OUT)
Mcu.Pin60=PD12
Mcu.Pin61=PD13
Mcu.Pin62=PD14
Mcu.Pin63=PD15
Mcu.Pin64=PG2
Mcu.Pin65=PG3
Mcu.Pin66=PG4
Mcu.Pin67=PG5
Mcu.Pin68=PG6
Mcu.Pin69=PG8
Mcu.Pin7=PF0
Mcu.Pin70=PC6
Mcu.Pin71=PC7
Mcu.Pin72=PC8
Mcu.Pin73=PC9
Mcu.Pin74=PA8
Mcu.Pin75=PA9
Mcu.Pin76=PA10
Mcu.Pin77=PA11
Mcu.Pin78=PA12
Mcu.Pin79=PA13 (JTMS/SWDIO)
Mcu.Pin8=PF1
Mcu.Pin80=PA14 (JTCK/SWCLK)
Mcu.Pin81=PA15 (JTDI)
Mcu.Pin82=PC10
Mcu.Pin83=PC11
Mcu.Pin84=PC12
Mcu.Pin85=PD0
Mcu.Pin86=PD1
Mcu.Pin87=PD2
Mcu.Pin88=PD3
Mcu.Pin89=PD4
Mcu.Pin9=PF2
Mcu.Pin90=PD5
Mcu.Pin91=PD6
Mcu.Pin92=PD7
Mcu.Pin93=PG10
Mcu.Pin94=PG11
Mcu.Pin95=PG12
Mcu.Pin96=PG13
Mcu.Pin97=PG15
Mcu.Pin98=PB3 (JTDO/TRACESWO)
Mcu.Pin99=PB4 (NJTRST)
Mcu.PinsNb=117
Mcu.ThirdPartyNb=0
Mcu.UserConstants=
Mcu.UserName=STM32H750ZBTx
MxCube.Version=6.12.1
MxDb.Version=DB.6.0.121
NVIC.BusFault_IRQn=true\:0\:0\:false\:false\:true\:false\:false\:false\:false
NVIC.DMA1_Stream0_IRQn=true\:11\:0\:false\:false\:true\:false\:false\:true\:true
NVIC.DMA1_Stream1_IRQn=true\:11\:0\:false\:false\:true\:false\:false\:true\:true
NVIC.DMA1_Stream2_IRQn=true\:11\:0\:true\:false\:true\:false\:false\:true\:true
NVIC.DMA1_Stream3_IRQn=true\:11\:0\:true\:false\:true\:false\:false\:true\:true
NVIC.DMA1_Stream4_IRQn=true\:11\:0\:true\:false\:true\:false\:false\:true\:true
NVIC.DMA1_Stream5_IRQn=true\:11\:0\:true\:false\:true\:false\:false\:true\:true
NVIC.DMA1_Stream6_IRQn=true\:8\:0\:true\:false\:true\:false\:false\:true\:true
NVIC.DMA1_Stream7_IRQn=true\:11\:0\:true\:false\:true\:false\:false\:true\:true
NVIC.DMA2_Stream0_IRQn=true\:11\:0\:false\:false\:true\:false\:false\:true\:true
NVIC.DMA2_Stream1_IRQn=true\:11\:0\:true\:false\:true\:false\:false\:true\:true
NVIC.DMA2_Stream2_IRQn=true\:11\:0\:true\:false\:true\:false\:false\:true\:true
NVIC.DMA2_Stream4_IRQn=true\:11\:0\:true\:false\:true\:false\:false\:true\:true
NVIC.DMA2_Stream5_IRQn=true\:11\:0\:true\:false\:true\:false\:false\:true\:true
NVIC.DMA2_Stream6_IRQn=true\:11\:0\:false\:false\:true\:false\:false\:true\:true
NVIC.DMA2_Stream7_IRQn=true\:11\:0\:true\:false\:true\:false\:false\:true\:true
NVIC.DebugMonitor_IRQn=true\:0\:0\:false\:false\:true\:false\:false\:false\:false
NVIC.EXTI15_10_IRQn=true\:8\:0\:true\:false\:true\:false\:true\:true\:true
NVIC.EXTI4_IRQn=true\:9\:0\:true\:false\:true\:false\:true\:true\:true
NVIC.EXTI9_5_IRQn=true\:15\:0\:true\:false\:true\:false\:true\:true\:true
NVIC.ForceEnableDMAVector=true
NVIC.HardFault_IRQn=true\:0\:0\:false\:false\:true\:false\:false\:false\:false
NVIC.I2C1_ER_IRQn=true\:4\:0\:true\:false\:true\:false\:true\:true\:true
NVIC.I2C2_ER_IRQn=true\:4\:0\:true\:false\:true\:false\:true\:true\:true
NVIC.MemoryManagement_IRQn=true\:0\:0\:false\:false\:true\:false\:false\:false\:false
NVIC.NonMaskableInt_IRQn=true\:0\:0\:false\:false\:true\:false\:false\:true\:false
NVIC.OTG_FS_IRQn=true\:11\:0\:true\:false\:true\:false\:false\:true\:true
NVIC.PendSV_IRQn=true\:15\:0\:false\:false\:false\:true\:false\:false\:false
NVIC.PriorityGroup=NVIC_PRIORITYGROUP_4
NVIC.SDMMC1_IRQn=true\:11\:0\:true\:false\:true\:false\:true\:true\:true
NVIC.SPI1_IRQn=true\:11\:0\:true\:false\:true\:false\:false\:true\:true
NVIC.SVCall_IRQn=true\:0\:0\:false\:false\:false\:false\:false\:false\:false
NVIC.SavedPendsvIrqHandlerGenerated=true
NVIC.SavedSvcallIrqHandlerGenerated=true
NVIC.SavedSystickIrqHandlerGenerated=true
NVIC.SysTick_IRQn=true\:15\:0\:false\:false\:false\:true\:false\:true\:false
NVIC.TIM5_IRQn=true\:3\:0\:true\:false\:true\:false\:true\:true\:true
NVIC.TIM8_BRK_TIM12_IRQn=true\:15\:0\:true\:false\:true\:false\:false\:true\:true
NVIC.TimeBase=TIM8_BRK_TIM12_IRQn
NVIC.TimeBaseIP=TIM12
NVIC.UART4_IRQn=true\:11\:0\:true\:false\:true\:false\:true\:true\:true
NVIC.USART1_IRQn=true\:10\:0\:true\:false\:true\:false\:true\:true\:true
NVIC.USART2_IRQn=true\:10\:0\:true\:false\:true\:false\:true\:true\:true
NVIC.USART6_IRQn=true\:10\:0\:true\:false\:true\:false\:true\:true\:true
NVIC.UsageFault_IRQn=true\:0\:0\:false\:false\:true\:false\:false\:false\:false
PA0.GPIOParameters=GPIO_ModeDefaultPP,GPIO_Speed,GPIO_PuPd
PA0.GPIO_ModeDefaultPP=GPIO_MODE_AF_PP
PA0.GPIO_PuPd=GPIO_PULLUP
PA0.GPIO_Speed=GPIO_SPEED_FREQ_HIGH
PA0.Mode=Asynchronous
PA0.Signal=UART4_TX
PA1.GPIOParameters=GPIO_ModeDefaultPP,GPIO_Speed,GPIO_PuPd
PA1.GPIO_ModeDefaultPP=GPIO_MODE_AF_PP
PA1.GPIO_PuPd=GPIO_PULLUP
PA1.GPIO_Speed=GPIO_SPEED_FREQ_HIGH
PA1.Mode=Asynchronous
PA1.Signal=UART4_RX
PA10.GPIOParameters=GPIO_PuPd,GPIO_ModeDefaultEXTI
PA10.GPIO_ModeDefaultEXTI=GPIO_MODE_IT_RISING
PA10.GPIO_PuPd=GPIO_PULLDOWN
PA10.Locked=true
PA10.Signal=GPXTI10
PA11.GPIOParameters=GPIO_Speed
PA11.GPIO_Speed=GPIO_SPEED_FREQ_VERY_HIGH
PA11.Mode=Device_Only
PA11.Signal=USB_OTG_FS_DM
PA12.GPIOParameters=GPIO_Speed,GPIO_PuPd
PA12.GPIO_PuPd=GPIO_PULLUP
PA12.GPIO_Speed=GPIO_SPEED_FREQ_VERY_HIGH
PA12.Mode=Device_Only
PA12.Signal=USB_OTG_FS_DP
PA13\ (JTMS/SWDIO).Mode=Serial_Wire
PA13\ (JTMS/SWDIO).Signal=DEBUG_JTMS-SWDIO
PA14\ (JTCK/SWCLK).Mode=Serial_Wire
PA14\ (JTCK/SWCLK).Signal=DEBUG_JTCK-SWCLK
PA15\ (JTDI).GPIOParameters=GPIO_Speed,GPIO_PuPd
PA15\ (JTDI).GPIO_PuPd=GPIO_PULLDOWN
PA15\ (JTDI).GPIO_Speed=GPIO_SPEED_FREQ_MEDIUM
PA15\ (JTDI).Locked=true
PA15\ (JTDI).Signal=S_TIM2_CH1_ETR
PA2.GPIOParameters=GPIO_PuPd
PA2.GPIO_PuPd=GPIO_PULLUP
PA2.Locked=true
PA2.Signal=GPIO_Input
PA3.Locked=true
PA3.Signal=ADCx_INP15
PA4.Locked=true
PA4.Signal=COMP_DAC11_group
PA5.Locked=true
PA5.Signal=ADCx_INP19
PA6.GPIOParameters=GPIO_PuPd
PA6.GPIO_PuPd=GPIO_PULLUP
PA6.Signal=S_TIM3_CH1
PA7.GPIOParameters=GPIO_PuPd
PA7.GPIO_PuPd=GPIO_PULLUP
PA7.Locked=true
PA7.Signal=S_TIM3_CH2
PA8.GPIOParameters=GPIO_Speed,GPIO_PuPd
PA8.GPIO_PuPd=GPIO_NOPULL
PA8.GPIO_Speed=GPIO_SPEED_FREQ_MEDIUM
PA8.Locked=true
PA8.Signal=GPIO_Output
PA9.GPIOParameters=GPIO_Speed,GPIO_PuPd
PA9.GPIO_PuPd=GPIO_PULLDOWN
PA9.GPIO_Speed=GPIO_SPEED_FREQ_LOW
PA9.Locked=true
PA9.Signal=S_TIM1_CH2
PB0.Locked=true
PB0.Signal=ADCx_INP9
PB10.Locked=true
PB10.Mode=I2C
PB10.Signal=I2C2_SCL
PB11.GPIOParameters=GPIO_Pu
PB11.GPIO_Pu=GPIO_PULLUP
PB11.Locked=true
PB11.Mode=I2C
PB11.Signal=I2C2_SDA
PB12.GPIOParameters=GPIO_Speed,GPIO_PuPd
PB12.GPIO_PuPd=GPIO_PULLUP
PB12.GPIO_Speed=GPIO_SPEED_FREQ_MEDIUM
PB12.Mode=Asynchronous
PB12.Signal=UART5_RX
PB13.GPIOParameters=GPIO_Speed,GPIO_PuPd
PB13.GPIO_PuPd=GPIO_PULLUP
PB13.GPIO_Speed=GPIO_SPEED_FREQ_MEDIUM
PB13.Locked=true
PB13.Mode=Asynchronous
PB13.Signal=UART5_TX
PB14.GPIOParameters=GPIO_ModeDefaultPP,GPIO_Speed,GPIO_PuPd
PB14.GPIO_ModeDefaultPP=GPIO_MODE_AF_OD
PB14.GPIO_PuPd=GPIO_NOPULL
PB14.GPIO_Speed=GPIO_SPEED_FREQ_MEDIUM
PB14.Mode=Asynchronous
PB14.Signal=USART1_TX
PB15.GPIOParameters=GPIO_ModeDefaultPP,GPIO_Speed,GPIO_PuPd
PB15.GPIO_ModeDefaultPP=GPIO_MODE_AF_OD
PB15.GPIO_PuPd=GPIO_NOPULL
PB15.GPIO_Speed=GPIO_SPEED_FREQ_MEDIUM
PB15.Mode=Asynchronous
PB15.Signal=USART1_RX
PB2.GPIOParameters=GPIO_Speed,GPIO_PuPd,GPIO_Mode
PB2.GPIO_Mode=GPIO_MODE_AF_PP
PB2.GPIO_PuPd=GPIO_NOPULL
PB2.GPIO_Speed=GPIO_SPEED_FREQ_VERY_HIGH
PB2.Locked=true
PB2.Mode=Single Bank 1
PB2.Signal=QUADSPI_CLK
PB3\ (JTDO/TRACESWO).GPIOParameters=GPIO_Speed,GPIO_PuPd,PinAttribute
PB3\ (JTDO/TRACESWO).GPIO_PuPd=GPIO_NOPULL
PB3\ (JTDO/TRACESWO).GPIO_Speed=GPIO_SPEED_FREQ_LOW
PB3\ (JTDO/TRACESWO).Locked=true
PB3\ (JTDO/TRACESWO).PinAttribute=Free
PB3\ (JTDO/TRACESWO).Signal=S_TIM2_CH2
PB4\ (NJTRST).GPIOParameters=PinAttribute
PB4\ (NJTRST).Locked=true
PB4\ (NJTRST).PinAttribute=Free
PB4\ (NJTRST).Signal=GPIO_Output
PB5.GPIOParameters=GPIO_Speed,PinAttribute
PB5.GPIO_Speed=GPIO_SPEED_FREQ_VERY_HIGH
PB5.Locked=true
PB5.Mode=TX_Only_Simplex_Unidirect_Master
PB5.PinAttribute=Free
PB5.Signal=SPI1_MOSI
PB6.GPIOParameters=GPIO_Speed,GPIO_PuPd,GPIO_Mode,PinAttribute
PB6.GPIO_Mode=GPIO_MODE_AF_PP
PB6.GPIO_PuPd=GPIO_NOPULL
PB6.GPIO_Speed=GPIO_SPEED_FREQ_VERY_HIGH
PB6.Locked=true
PB6.Mode=Single Bank 1
PB6.PinAttribute=Free
PB6.Signal=QUADSPI_BK1_NCS
PB7.GPIOParameters=GPIO_PuPd,GPIO_ModeDefaultEXTI,PinAttribute
PB7.GPIO_ModeDefaultEXTI=GPIO_MODE_IT_FALLING
PB7.GPIO_PuPd=GPIO_PULLUP
PB7.Locked=true
PB7.PinAttribute=Free
PB7.Signal=GPXTI7
PB8.GPIOParameters=GPIO_Pu,PinAttribute
PB8.GPIO_Pu=GPIO_NOPULL
PB8.Locked=true
PB8.Mode=I2C
PB8.PinAttribute=Free
PB8.Signal=I2C1_SCL
PB9.GPIOParameters=GPIO_Pu,PinAttribute
PB9.GPIO_Pu=GPIO_PULLUP
PB9.Locked=true
PB9.Mode=I2C
PB9.PinAttribute=Free
PB9.Signal=I2C1_SDA
PC0.Signal=FMC_SDNWE
PC1.Locked=true
PC1.Signal=ADCx_INP11
PC10.GPIOParameters=GPIO_PuPd
PC10.GPIO_PuPd=GPIO_PULLUP
PC10.Mode=SD_4_bits_Wide_bus
PC10.Signal=SDMMC1_D2
PC11.GPIOParameters=GPIO_PuPd
PC11.GPIO_PuPd=GPIO_PULLUP
PC11.Mode=SD_4_bits_Wide_bus
PC11.Signal=SDMMC1_D3
PC12.GPIOParameters=GPIO_PuPd
PC12.GPIO_PuPd=GPIO_PULLUP
PC12.Mode=SD_4_bits_Wide_bus
PC12.Signal=SDMMC1_CK
PC14-OSC32_IN\ (OSC32_IN).Mode=LSE-External-Oscillator
PC14-OSC32_IN\ (OSC32_IN).Signal=RCC_OSC32_IN
PC15-OSC32_OUT\ (OSC32_OUT).Mode=LSE-External-Oscillator
PC15-OSC32_OUT\ (OSC32_OUT).Signal=RCC_OSC32_OUT
PC2_C.Mode=SdramChipSelect1_1
PC2_C.Signal=FMC_SDNE0
PC3_C.Mode=SdramChipSelect1_1
PC3_C.Signal=FMC_SDCKE0
PC4.Locked=true
PC4.Signal=ADCx_INP4
PC5.Locked=true
PC5.Signal=ADCx_INP8
PC6.GPIOParameters=GPIO_Speed,GPIO_PuPd
PC6.GPIO_PuPd=GPIO_PULLUP
PC6.GPIO_Speed=GPIO_SPEED_FREQ_MEDIUM
PC6.Mode=Asynchronous
PC6.Signal=USART6_TX
PC7.GPIOParameters=GPIO_Speed,GPIO_PuPd
PC7.GPIO_PuPd=GPIO_PULLUP
PC7.GPIO_Speed=GPIO_SPEED_FREQ_MEDIUM
PC7.Mode=Asynchronous
PC7.Signal=USART6_RX
PC8.GPIOParameters=GPIO_PuPd
PC8.GPIO_PuPd=GPIO_PULLUP
PC8.Mode=SD_4_bits_Wide_bus
PC8.Signal=SDMMC1_D0
PC9.GPIOParameters=GPIO_PuPd
PC9.GPIO_PuPd=GPIO_PULLUP
PC9.Mode=SD_4_bits_Wide_bus
PC9.Signal=SDMMC1_D1
PD0.Signal=FMC_D2_DA2
PD1.Signal=FMC_D3_DA3
PD10.Signal=FMC_D15_DA15
PD11.GPIOParameters=GPIO_Speed,GPIO_PuPd,GPIO_Mode
PD11.GPIO_Mode=GPIO_MODE_AF_PP
PD11.GPIO_PuPd=GPIO_NOPULL
PD11.GPIO_Speed=GPIO_SPEED_FREQ_VERY_HIGH
PD11.Locked=true
PD11.Mode=Single Bank 1
PD11.Signal=QUADSPI_BK1_IO0
PD12.GPIOParameters=GPIO_Speed,GPIO_PuPd,GPIO_Mode
PD12.GPIO_Mode=GPIO_MODE_AF_PP
PD12.GPIO_PuPd=GPIO_NOPULL
PD12.GPIO_Speed=GPIO_SPEED_FREQ_VERY_HIGH
PD12.Locked=true
PD12.Mode=Single Bank 1
PD12.Signal=QUADSPI_BK1_IO1
PD13.GPIOParameters=GPIO_Speed,GPIO_PuPd,GPIO_Mode
PD13.GPIO_Mode=GPIO_MODE_AF_PP
PD13.GPIO_PuPd=GPIO_NOPULL
PD13.GPIO_Speed=GPIO_SPEED_FREQ_VERY_HIGH
PD13.Locked=true
PD13.Mode=Single Bank 1
PD13.Signal=QUADSPI_BK1_IO3
PD14.Signal=FMC_D0_DA0
PD15.Signal=FMC_D1_DA1
PD2.GPIOParameters=GPIO_PuPd
PD2.GPIO_PuPd=GPIO_PULLUP
PD2.Mode=SD_4_bits_Wide_bus
PD2.Signal=SDMMC1_CMD
PD3.GPIOParameters=GPIO_PuPd,PinAttribute
PD3.GPIO_PuPd=GPIO_PULLUP
PD3.Locked=true
PD3.PinAttribute=Free
PD3.Signal=GPIO_Input
PD4.GPIOParameters=GPIO_PuPd,GPIO_ModeDefaultEXTI,PinAttribute
PD4.GPIO_ModeDefaultEXTI=GPIO_MODE_IT_RISING
PD4.GPIO_PuPd=GPIO_PULLUP
PD4.Locked=true
PD4.PinAttribute=Free
PD4.Signal=GPXTI4
PD5.GPIOParameters=GPIO_Speed,GPIO_PuPd,PinAttribute
PD5.GPIO_PuPd=GPIO_PULLUP
PD5.GPIO_Speed=GPIO_SPEED_FREQ_MEDIUM
PD5.Locked=true
PD5.Mode=Asynchronous
PD5.PinAttribute=Free
PD5.Signal=USART2_TX
PD6.GPIOParameters=GPIO_Speed,GPIO_PuPd,PinAttribute
PD6.GPIO_PuPd=GPIO_PULLUP
PD6.GPIO_Speed=GPIO_SPEED_FREQ_MEDIUM
PD6.Mode=Asynchronous
PD6.PinAttribute=Free
PD6.Signal=USART2_RX
PD7.GPIOParameters=PinAttribute
PD7.Locked=true
PD7.PinAttribute=Free
PD7.Signal=GPIO_Output
PD8.Signal=FMC_D13_DA13
PD9.Signal=FMC_D14_DA14
PE0.GPIOParameters=PinAttribute
PE0.PinAttribute=Free
PE0.Signal=FMC_NBL0
PE1.GPIOParameters=PinAttribute
PE1.PinAttribute=Free
PE1.Signal=FMC_NBL1
PE10.Signal=FMC_D7_DA7
PE11.Signal=FMC_D8_DA8
PE12.Signal=FMC_D9_DA9
PE13.Signal=FMC_D10_DA10
PE14.Signal=FMC_D11_DA11
PE15.Signal=FMC_D12_DA12
PE2.GPIOParameters=GPIO_Speed,GPIO_PuPd,GPIO_Mode
PE2.GPIO_Mode=GPIO_MODE_AF_PP
PE2.GPIO_PuPd=GPIO_NOPULL
PE2.GPIO_Speed=GPIO_SPEED_FREQ_VERY_HIGH
PE2.Locked=true
PE2.Mode=Single Bank 1
PE2.Signal=QUADSPI_BK1_IO2
PE3.GPIOParameters=PinState,GPIO_PuPd,GPIO_ModeDefaultOutputPP
PE3.GPIO_ModeDefaultOutputPP=GPIO_MODE_OUTPUT_PP
PE3.GPIO_PuPd=GPIO_PULLDOWN
PE3.Locked=true
PE3.PinState=GPIO_PIN_RESET
PE3.Signal=GPIO_Output
PE4.GPIOParameters=PinState,GPIO_PuPd
PE4.GPIO_PuPd=GPIO_PULLDOWN
PE4.Locked=true
PE4.PinState=GPIO_PIN_RESET
PE4.Signal=GPIO_Output
PE5.GPIOParameters=GPIO_PuPd
PE5.GPIO_PuPd=GPIO_PULLDOWN
PE5.Locked=true
PE5.Signal=GPIO_Input
PE6.GPIOParameters=GPIO_PuPd
PE6.GPIO_PuPd=GPIO_PULLUP
PE6.Locked=true
PE6.Signal=GPIO_Input
PE7.Signal=FMC_D4_DA4
PE8.Signal=FMC_D5_DA5
PE9.Signal=FMC_D6_DA6
PF0.Signal=FMC_A0
PF1.Signal=FMC_A1
PF11.Signal=FMC_SDNRAS
PF12.Signal=FMC_A6
PF13.Signal=FMC_A7
PF14.Signal=FMC_A8
PF15.Signal=FMC_A9
PF2.Signal=FMC_A2
PF3.Signal=FMC_A3
PF4.Signal=FMC_A4
PF5.Signal=FMC_A5
PF6.GPIOParameters=GPIO_PuPd
PF6.GPIO_PuPd=GPIO_PULLDOWN
PF6.Locked=true
PF6.Signal=S_TIM16_CH1
PF7.Locked=true
PF7.Mode=IN3-Single-Ended
PF7.Signal=ADC3_INP3
PF8.GPIOParameters=GPIO_PuPd
PF8.GPIO_PuPd=GPIO_PULLUP
PF8.Locked=true
PF8.Signal=GPIO_Input
PG0.Signal=FMC_A10
PG1.Signal=FMC_A11
PG10.GPIOParameters=PinAttribute
PG10.Locked=true
PG10.PinAttribute=Free
PG10.Signal=GPIO_Output
PG11.GPIOParameters=GPIO_Speed,PinAttribute
PG11.GPIO_Speed=GPIO_SPEED_FREQ_VERY_HIGH
PG11.Mode=TX_Only_Simplex_Unidirect_Master
PG11.PinAttribute=Free
PG11.Signal=SPI1_SCK
PG12.GPIOParameters=GPIO_PuPd,PinAttribute
PG12.GPIO_PuPd=GPIO_PULLDOWN
PG12.Locked=true
PG12.PinAttribute=Free
PG12.Signal=GPIO_Output
PG13.GPIOParameters=GPIO_PuPd,PinAttribute
PG13.GPIO_PuPd=GPIO_PULLUP
PG13.Locked=true
PG13.PinAttribute=Free
PG13.Signal=GPIO_Input
PG15.GPIOParameters=PinAttribute
PG15.PinAttribute=Free
PG15.Signal=FMC_SDNCAS
PG2.GPIOParameters=GPIO_PuPd
PG2.GPIO_PuPd=GPIO_PULLUP
PG2.Locked=true
PG2.Signal=GPIO_Input
PG3.GPIOParameters=GPIO_PuPd
PG3.GPIO_PuPd=GPIO_PULLUP
PG3.Locked=true
PG3.Signal=GPIO_Input
PG4.Signal=FMC_A14_BA0
PG5.Signal=FMC_A15_BA1
PG6.GPIOParameters=GPIO_PuPd
PG6.GPIO_PuPd=GPIO_PULLUP
PG6.Locked=true
PG6.Signal=GPIO_Input
PG8.Signal=FMC_SDCLK
PH0-OSC_IN\ (PH0).Mode=HSE-External-Oscillator
PH0-OSC_IN\ (PH0).Signal=RCC_OSC_IN
PH1-OSC_OUT\ (PH1).Mode=HSE-External-Oscillator
PH1-OSC_OUT\ (PH1).Signal=RCC_OSC_OUT
PinOutPanel.RotationAngle=0
ProjectManager.AskForMigrate=true
ProjectManager.BackupPrevious=false
ProjectManager.CompilerOptimize=6
ProjectManager.ComputerToolchain=false
ProjectManager.CoupleFile=true
ProjectManager.CustomerFirmwarePackage=
ProjectManager.DefaultFWLocation=true
ProjectManager.DeletePrevious=true
ProjectManager.DeviceId=STM32H750ZBTx
ProjectManager.FirmwarePackage=STM32Cube FW_H7 V1.11.2
ProjectManager.FreePins=true
ProjectManager.HalAssertFull=true
ProjectManager.HeapSize=0x10000
ProjectManager.KeepUserCode=true
ProjectManager.LastFirmware=true
ProjectManager.LibraryCopy=1
ProjectManager.MainLocation=Core/Src
ProjectManager.NoMain=false
ProjectManager.PreviousToolchain=
ProjectManager.ProjectBuild=false
ProjectManager.ProjectFileName=project.ioc
ProjectManager.ProjectName=project
ProjectManager.ProjectStructure=
ProjectManager.RegisterCallBack=
ProjectManager.StackSize=0x1000
ProjectManager.TargetToolchain=MDK-ARM V5.32
ProjectManager.ToolChainLocation=
ProjectManager.UAScriptAfterPath=.\\cubemx_support_mdkv6\\cubemx_support_mdkv6.bat
ProjectManager.UAScriptBeforePath=
ProjectManager.UnderRoot=false
ProjectManager.functionlistsort=1-SystemClock_Config-RCC-false-HAL-false,2-MX_GPIO_Init-GPIO-false-HAL-true,3-MX_DMA_Init-DMA-false-HAL-true,4-MX_TIM5_Init-TIM5-false-HAL-true,5-MX_DAC1_Init-DAC1-false-HAL-true,6-MX_TIM15_Init-TIM15-false-HAL-true,7-MX_I2C1_Init-I2C1-false-HAL-true,8-MX_I2C2_Init-I2C2-false-HAL-true,9-MX_USB_DEVICE_Init-USB_DEVICE-false-HAL-false,10-MX_SDMMC1_SD_Init-SDMMC1-false-HAL-true,11-MX_UART4_Init-UART4-false-HAL-true,12-MX_FATFS_Init-FATFS-false-HAL-false,13-MX_TIM2_Init-TIM2-false-HAL-true,14-MX_TIM1_Init-TIM1-false-HAL-true,15-MX_SPI1_Init-SPI1-false-HAL-true,16-MX_FMC_Init-FMC-false-HAL-true,17-MX_ADC1_Init-ADC1-false-HAL-true,18-MX_QUADSPI_Init-QUADSPI-true-HAL-true,19-MX_USART2_UART_Init-USART2-false-HAL-true,20-MX_TIM16_Init-TIM16-false-HAL-true,21-MX_TIM3_Init-TIM3-false-HAL-true,22-MX_ADC3_Init-ADC3-false-HAL-true,23-MX_UART5_Init-UART5-false-HAL-true,24-MX_RTC_Init-RTC-false-HAL-true,25-MX_USART6_UART_Init-USART6-false-HAL-true,26-MX_USART1_UART_Init-USART1-false-HAL-true,27-MX_IWDG1_Init-IWDG1-false-HAL-true,0-MX_CORTEX_M7_Init-CORTEX_M7-false-HAL-true
QUADSPI.ChipSelectHighTime=QSPI_CS_HIGH_TIME_6_CYCLE
QUADSPI.ClockMode=QSPI_CLOCK_MODE_3
QUADSPI.ClockPrescaler=1
QUADSPI.FifoThreshold=24
QUADSPI.FlashSize=24
QUADSPI.IPParameters=ClockPrescaler,FifoThreshold,SampleShifting,FlashSize,ChipSelectHighTime,ClockMode
QUADSPI.SampleShifting=QSPI_SAMPLE_SHIFTING_HALFCYCLE
RCC.ADCCLockSelection=RCC_ADCCLKSOURCE_CLKP
RCC.ADCFreq_Value=12000000
RCC.AHB12Freq_Value=240000000
RCC.AHB4Freq_Value=240000000
RCC.APB1Freq_Value=120000000
RCC.APB2Freq_Value=120000000
RCC.APB3Freq_Value=120000000
RCC.APB4Freq_Value=120000000
RCC.AXIClockFreq_Value=240000000
RCC.CECFreq_Value=32000
RCC.CKPERFreq_Value=12000000
RCC.CKPERSourceSelection=RCC_CLKPSOURCE_HSE
RCC.CortexFreq_Value=480000000
RCC.CpuClockFreq_Value=480000000
RCC.D1CPREFreq_Value=480000000
RCC.D1PPRE=RCC_APB3_DIV2
RCC.D2PPRE1=RCC_APB1_DIV2
RCC.D2PPRE2=RCC_APB2_DIV2
RCC.D3PPRE=RCC_APB4_DIV2
RCC.DFSDMACLkFreq_Value=192000000
RCC.DFSDMFreq_Value=120000000
RCC.DIVM1=1
RCC.DIVM2=1
RCC.DIVM3=1
RCC.DIVN1=80
RCC.DIVN2=20
RCC.DIVN3=4
RCC.DIVP1Freq_Value=480000000
RCC.DIVP2Freq_Value=123000000
RCC.DIVP3=8
RCC.DIVP3Freq_Value=6000000
RCC.DIVQ1=5
RCC.DIVQ1Freq_Value=192000000
RCC.DIVQ2Freq_Value=123000000
RCC.DIVQ3Freq_Value=24000000
RCC.DIVR1Freq_Value=480000000
RCC.DIVR2=1
RCC.DIVR2Freq_Value=246000000
RCC.DIVR3=1
RCC.DIVR3Freq_Value=48000000
RCC.EnbaleCSS=true
RCC.FDCANFreq_Value=192000000
RCC.FMCFreq_Value=240000000
RCC.FamilyName=M
RCC.HCLK3ClockFreq_Value=240000000
RCC.HCLKFreq_Value=240000000
RCC.HPRE=RCC_HCLK_DIV2
RCC.HRTIMFreq_Value=120000000
RCC.HSE_VALUE=12000000
RCC.I2C123Freq_Value=120000000
RCC.I2C4Freq_Value=120000000
RCC.IPParameters=ADCCLockSelection,ADCFreq_Value,AHB12Freq_Value,AHB4Freq_Value,APB1Freq_Value,APB2Freq_Value,APB3Freq_Value,APB4Freq_Value,AXIClockFreq_Value,CECFreq_Value,CKPERFreq_Value,CKPERSourceSelection,CortexFreq_Value,CpuClockFreq_Value,D1CPREFreq_Value,D1PPRE,D2PPRE1,D2PPRE2,D3PPRE,DFSDMACLkFreq_Value,DFSDMFreq_Value,DIVM1,DIVM2,DIVM3,DIVN1,DIVN2,DIVN3,DIVP1Freq_Value,DIVP2Freq_Value,DIVP3,DIVP3Freq_Value,DIVQ1,DIVQ1Freq_Value,DIVQ2Freq_Value,DIVQ3Freq_Value,DIVR1Freq_Value,DIVR2,DIVR2Freq_Value,DIVR3,DIVR3Freq_Value,EnbaleCSS,FDCANFreq_Value,FMCFreq_Value,FamilyName,HCLK3ClockFreq_Value,HCLKFreq_Value,HPRE,HRTIMFreq_Value,HSE_VALUE,I2C123Freq_Value,I2C4Freq_Value,LPTIM1Freq_Value,LPTIM2Freq_Value,LPTIM345Freq_Value,LPUART1Freq_Value,LTDCFreq_Value,MCO1PinFreq_Value,MCO2PinFreq_Value,PLL2FRACN,PLL2_VCI_Range-AdvancedSettings,PLL3FRACN,PLL3_VCO_SEL-AdvancedSettings,PLLFRACN,PLLSourceVirtual,QSPICLockSelection,QSPIFreq_Value,RNGFreq_Value,RTCClockSelection,RTCFreq_Value,SAI1Freq_Value,SAI23Freq_Value,SAI4AFreq_Value,SAI4BFreq_Value,SDMMC1CLockSelection,SDMMCFreq_Value,SPDIFRXFreq_Value,SPI123Freq_Value,SPI45Freq_Value,SPI6Freq_Value,SWPMI1Freq_Value,SYSCLKFreq_VALUE,SYSCLKSource,Tim1OutputFreq_Value,Tim2Mul,Tim2OutputFreq_Value,TraceFreq_Value,USART16Freq_Value,USART234578Freq_Value,USBCLockSelection,USBFreq_Value,VCO1OutputFreq_Value,VCO2OutputFreq_Value,VCO3OutputFreq_Value,VCOInput1Freq_Value,VCOInput2Freq_Value,VCOInput3Freq_Value,WatchDogFreq_Value
RCC.LPTIM1Freq_Value=120000000
RCC.LPTIM2Freq_Value=120000000
RCC.LPTIM345Freq_Value=120000000
RCC.LPUART1Freq_Value=120000000
RCC.LTDCFreq_Value=48000000
RCC.MCO1PinFreq_Value=64000000
RCC.MCO2PinFreq_Value=480000000
RCC.PLL2FRACN=4096
RCC.PLL2_VCI_Range-AdvancedSettings=RCC_PLL2VCIRANGE_0
RCC.PLL3FRACN=0
RCC.PLL3_VCO_SEL-AdvancedSettings=RCC_PLL3VCOMEDIUM
RCC.PLLFRACN=0
RCC.PLLSourceVirtual=RCC_PLLSOURCE_HSE
RCC.QSPICLockSelection=RCC_QSPICLKSOURCE_PLL
RCC.QSPIFreq_Value=192000000
RCC.RNGFreq_Value=48000000
RCC.RTCClockSelection=RCC_RTCCLKSOURCE_LSE
RCC.RTCFreq_Value=32768
RCC.SAI1Freq_Value=192000000
RCC.SAI23Freq_Value=192000000
RCC.SAI4AFreq_Value=192000000
RCC.SAI4BFreq_Value=192000000
RCC.SDMMC1CLockSelection=RCC_SDMMCCLKSOURCE_PLL2
RCC.SDMMCFreq_Value=246000000
RCC.SPDIFRXFreq_Value=192000000
RCC.SPI123Freq_Value=192000000
RCC.SPI45Freq_Value=120000000
RCC.SPI6Freq_Value=120000000
RCC.SWPMI1Freq_Value=120000000
RCC.SYSCLKFreq_VALUE=480000000
RCC.SYSCLKSource=RCC_SYSCLKSOURCE_PLLCLK
RCC.Tim1OutputFreq_Value=240000000
RCC.Tim2Mul=1
RCC.Tim2OutputFreq_Value=120000000
RCC.TraceFreq_Value=480000000
RCC.USART16Freq_Value=120000000
RCC.USART234578Freq_Value=120000000
RCC.USBCLockSelection=RCC_USBCLKSOURCE_HSI48
RCC.USBFreq_Value=48000000
RCC.VCO1OutputFreq_Value=960000000
RCC.VCO2OutputFreq_Value=246000000
RCC.VCO3OutputFreq_Value=48000000
RCC.VCOInput1Freq_Value=12000000
RCC.VCOInput2Freq_Value=12000000
RCC.VCOInput3Freq_Value=12000000
RCC.WatchDogFreq_Value=32000
SDMMC1.ClockDiv=0
SDMMC1.ClockEdge=SDMMC_CLOCK_EDGE_RISING
SDMMC1.ClockPowerSave=SDMMC_CLOCK_POWER_SAVE_ENABLE
SDMMC1.HardwareFlowControl=SDMMC_HARDWARE_FLOW_CONTROL_ENABLE
SDMMC1.IPParameters=ClockDiv,TransceiverPresent,HardwareFlowControl,ClockPowerSave,ClockEdge
SDMMC1.TransceiverPresent=SDMMC_TRANSCEIVER_NOT_PRESENT
SH.ADCx_INP11.0=ADC1_INP11,IN11-Single-Ended
SH.ADCx_INP11.ConfNb=1
SH.ADCx_INP15.0=ADC1_INP15,IN15-Single-Ended
SH.ADCx_INP15.ConfNb=1
SH.ADCx_INP19.0=ADC1_INP19,IN19-Single-Ended
SH.ADCx_INP19.ConfNb=1
SH.ADCx_INP4.0=ADC2_INP4
SH.ADCx_INP4.1=ADC1_INP4,IN4-Single-Ended
SH.ADCx_INP4.ConfNb=2
SH.ADCx_INP8.0=ADC1_INP8,IN8-Single-Ended
SH.ADCx_INP8.ConfNb=1
SH.ADCx_INP9.0=ADC1_INP9,IN9-Single-Ended
SH.ADCx_INP9.ConfNb=1
SH.COMP_DAC11_group.0=DAC1_OUT1,DAC_OUT1
SH.COMP_DAC11_group.ConfNb=1
SH.FMC_A0.0=FMC_A0,12b-sda1
SH.FMC_A0.ConfNb=1
SH.FMC_A1.0=FMC_A1,12b-sda1
SH.FMC_A1.ConfNb=1
SH.FMC_A10.0=FMC_A10,12b-sda1
SH.FMC_A10.ConfNb=1
SH.FMC_A11.0=FMC_A11,12b-sda1
SH.FMC_A11.ConfNb=1
SH.FMC_A14_BA0.0=FMC_BA0,FourSdramBanks1
SH.FMC_A14_BA0.ConfNb=1
SH.FMC_A15_BA1.0=FMC_BA1,FourSdramBanks1
SH.FMC_A15_BA1.ConfNb=1
SH.FMC_A2.0=FMC_A2,12b-sda1
SH.FMC_A2.ConfNb=1
SH.FMC_A3.0=FMC_A3,12b-sda1
SH.FMC_A3.ConfNb=1
SH.FMC_A4.0=FMC_A4,12b-sda1
SH.FMC_A4.ConfNb=1
SH.FMC_A5.0=FMC_A5,12b-sda1
SH.FMC_A5.ConfNb=1
SH.FMC_A6.0=FMC_A6,12b-sda1
SH.FMC_A6.ConfNb=1
SH.FMC_A7.0=FMC_A7,12b-sda1
SH.FMC_A7.ConfNb=1
SH.FMC_A8.0=FMC_A8,12b-sda1
SH.FMC_A8.ConfNb=1
SH.FMC_A9.0=FMC_A9,12b-sda1
SH.FMC_A9.ConfNb=1
SH.FMC_D0_DA0.0=FMC_D0,sd-16b-d1
SH.FMC_D0_DA0.ConfNb=1
SH.FMC_D10_DA10.0=FMC_D10,sd-16b-d1
SH.FMC_D10_DA10.ConfNb=1
SH.FMC_D11_DA11.0=FMC_D11,sd-16b-d1
SH.FMC_D11_DA11.ConfNb=1
SH.FMC_D12_DA12.0=FMC_D12,sd-16b-d1
SH.FMC_D12_DA12.ConfNb=1
SH.FMC_D13_DA13.0=FMC_D13,sd-16b-d1
SH.FMC_D13_DA13.ConfNb=1
SH.FMC_D14_DA14.0=FMC_D14,sd-16b-d1
SH.FMC_D14_DA14.ConfNb=1
SH.FMC_D15_DA15.0=FMC_D15,sd-16b-d1
SH.FMC_D15_DA15.ConfNb=1
SH.FMC_D1_DA1.0=FMC_D1,sd-16b-d1
SH.FMC_D1_DA1.ConfNb=1
SH.FMC_D2_DA2.0=FMC_D2,sd-16b-d1
SH.FMC_D2_DA2.ConfNb=1
SH.FMC_D3_DA3.0=FMC_D3,sd-16b-d1
SH.FMC_D3_DA3.ConfNb=1
SH.FMC_D4_DA4.0=FMC_D4,sd-16b-d1
SH.FMC_D4_DA4.ConfNb=1
SH.FMC_D5_DA5.0=FMC_D5,sd-16b-d1
SH.FMC_D5_DA5.ConfNb=1
SH.FMC_D6_DA6.0=FMC_D6,sd-16b-d1
SH.FMC_D6_DA6.ConfNb=1
SH.FMC_D7_DA7.0=FMC_D7,sd-16b-d1
SH.FMC_D7_DA7.ConfNb=1
SH.FMC_D8_DA8.0=FMC_D8,sd-16b-d1
SH.FMC_D8_DA8.ConfNb=1
SH.FMC_D9_DA9.0=FMC_D9,sd-16b-d1
SH.FMC_D9_DA9.ConfNb=1
SH.FMC_NBL0.0=FMC_NBL0,Sd2ByteEnable1
SH.FMC_NBL0.ConfNb=1
SH.FMC_NBL1.0=FMC_NBL1,Sd2ByteEnable1
SH.FMC_NBL1.ConfNb=1
SH.FMC_SDCLK.0=FMC_SDCLK,12b-sda1
SH.FMC_SDCLK.ConfNb=1
SH.FMC_SDNCAS.0=FMC_SDNCAS,12b-sda1
SH.FMC_SDNCAS.ConfNb=1
SH.FMC_SDNRAS.0=FMC_SDNRAS,12b-sda1
SH.FMC_SDNRAS.ConfNb=1
SH.FMC_SDNWE.0=FMC_SDNWE,12b-sda1
SH.FMC_SDNWE.ConfNb=1
SH.GPXTI10.0=GPIO_EXTI10
SH.GPXTI10.ConfNb=1
SH.GPXTI4.0=GPIO_EXTI4
SH.GPXTI4.ConfNb=1
SH.GPXTI7.0=GPIO_EXTI7
SH.GPXTI7.ConfNb=1
SH.S_TIM16_CH1.0=TIM16_CH1,PWM Generation1 CH1
SH.S_TIM16_CH1.ConfNb=1
SH.S_TIM1_CH2.0=TIM1_CH2,PWM Generation2 CH2
SH.S_TIM1_CH2.ConfNb=1
SH.S_TIM2_CH1_ETR.0=TIM2_CH1,PWM Generation1 CH1
SH.S_TIM2_CH1_ETR.ConfNb=1
SH.S_TIM2_CH2.0=TIM2_CH2,PWM Generation2 CH2
SH.S_TIM2_CH2.ConfNb=1
SH.S_TIM3_CH1.0=TIM3_CH1,Encoder_Interface
SH.S_TIM3_CH1.ConfNb=1
SH.S_TIM3_CH2.0=TIM3_CH2,Encoder_Interface
SH.S_TIM3_CH2.ConfNb=1
SPI1.BaudRatePrescaler=SPI_BAUDRATEPRESCALER_2
SPI1.CalculateBaudRate=96.0 MBits/s
SPI1.DataSize=SPI_DATASIZE_8BIT
SPI1.Direction=SPI_DIRECTION_2LINES_TXONLY
SPI1.FifoThreshold=SPI_FIFO_THRESHOLD_01DATA
SPI1.FirstBit=SPI_FIRSTBIT_MSB
SPI1.IPParameters=VirtualType,Mode,Direction,CalculateBaudRate,DataSize,NSSPMode,BaudRatePrescaler,FifoThreshold,MasterKeepIOState,MasterInterDataIdleness,MasterSSIdleness,FirstBit
SPI1.MasterInterDataIdleness=SPI_MASTER_INTERDATA_IDLENESS_15CYCLE
SPI1.MasterKeepIOState=SPI_MASTER_KEEP_IO_STATE_DISABLE
SPI1.MasterSSIdleness=SPI_MASTER_SS_IDLENESS_15CYCLE
SPI1.Mode=SPI_MODE_MASTER
SPI1.NSSPMode=SPI_NSS_PULSE_DISABLE
SPI1.VirtualType=VM_MASTER
TIM1.AutoReloadPreload=TIM_AUTORELOAD_PRELOAD_DISABLE
TIM1.Channel-PWM\ Generation2\ CH2=TIM_CHANNEL_2
TIM1.IPParameters=Channel-PWM Generation2 CH2,Prescaler,AutoReloadPreload,OCPolarity_2,Period,OCIdleState_2,OC2Preload_PWM,OCFastMode_PWM-PWM Generation2 CH2,RepetitionCounter,OCMode_PWM-PWM Generation2 CH2
TIM1.OC2Preload_PWM=ENABLE
TIM1.OCFastMode_PWM-PWM\ Generation2\ CH2=TIM_OCFAST_DISABLE
TIM1.OCIdleState_2=TIM_OCIDLESTATE_RESET
TIM1.OCMode_PWM-PWM\ Generation2\ CH2=TIM_OCMODE_PWM1
TIM1.OCPolarity_2=TIM_OCPOLARITY_LOW
TIM1.Period=500
TIM1.Prescaler=10-1
TIM1.RepetitionCounter=0
TIM15.AutoReloadPreload=TIM_AUTORELOAD_PRELOAD_ENABLE
TIM15.IPParameters=Prescaler,Period,TIM_MasterOutputTrigger,AutoReloadPreload
TIM15.Period=30000-1
TIM15.Prescaler=1-1
TIM15.TIM_MasterOutputTrigger=TIM_TRGO_UPDATE
TIM16.Channel=TIM_CHANNEL_1
TIM16.IPParameters=Channel,Prescaler,Period
TIM16.Period=\ (295 + 595) * 240 / 1000 -1
TIM16.Prescaler=0
TIM2.AutoReloadPreload=TIM_AUTORELOAD_PRELOAD_ENABLE
TIM2.Channel-PWM\ Generation1\ CH1=TIM_CHANNEL_1
TIM2.Channel-PWM\ Generation2\ CH2=TIM_CHANNEL_2
TIM2.IPParameters=Channel-PWM Generation1 CH1,Period,AutoReloadPreload,OCFastMode_PWM-PWM Generation1 CH1,Prescaler,Channel-PWM Generation2 CH2
TIM2.OCFastMode_PWM-PWM\ Generation1\ CH1=TIM_OCFAST_ENABLE
TIM2.Period=10000-1
TIM2.Prescaler=0
TIM3.EncoderMode=TIM_ENCODERMODE_TI12
TIM3.IC1Filter=15
TIM3.IC1Polarity=TIM_ICPOLARITY_RISING
TIM3.IC1Prescaler=TIM_ICPSC_DIV2
TIM3.IC2Filter=15
TIM3.IC2Polarity=TIM_ICPOLARITY_RISING
TIM3.IC2Prescaler=TIM_ICPSC_DIV2
TIM3.IPParameters=EncoderMode,IC2Filter,IC1Filter,IC2Polarity,IC1Polarity,IC1Prescaler,IC2Prescaler,Prescaler
TIM3.Prescaler=0
TIM5.AutoReloadPreload=TIM_AUTORELOAD_PRELOAD_ENABLE
TIM5.IPParameters=Prescaler,AutoReloadPreload
TIM5.Prescaler=240-1
UART4.BaudRate=1500000
UART4.FIFOMode=FIFOMODE_DISABLE
UART4.IPParameters=FIFOMode,TXFIFOThreshold,RXFIFOThreshold,BaudRate
UART4.RXFIFOThreshold=RXFIFO_THRESHOLD_1EIGHTHFULL
UART4.TXFIFOThreshold=TXFIFO_THRESHOLD_1EIGHTHFULL
UART5.BaudRate=1000000
UART5.FIFOMode=FIFOMODE_DISABLE
UART5.IPParameters=BaudRate,Mode,FIFOMode
UART5.Mode=MODE_TX
USART1.BaudRate=115200
USART1.FIFOMode=FIFOMODE_DISABLE
USART1.IPParameters=BaudRate,FIFOMode,VirtualMode-Asynchronous,VirtualMode-Half_duplex(single_wire_mode)
USART1.VirtualMode-Asynchronous=VM_ASYNC
USART1.VirtualMode-Half_duplex(single_wire_mode)=VM_ASYNC
USART2.BaudRate=921600
USART2.FIFOMode=FIFOMODE_ENABLE
USART2.IPParameters=VirtualMode-Asynchronous,BaudRate,FIFOMode
USART2.VirtualMode-Asynchronous=VM_ASYNC
USART6.BaudRate=115200
USART6.IPParameters=VirtualMode-Asynchronous,BaudRate
USART6.VirtualMode-Asynchronous=VM_ASYNC
USB_DEVICE.CLASS_NAME_FS=CDC
USB_DEVICE.IPParameters=VirtualModeFS,CLASS_NAME_FS,VirtualMode-CDC_FS
USB_DEVICE.VirtualMode-CDC_FS=Cdc
USB_DEVICE.VirtualModeFS=Cdc_FS
USB_OTG_FS.IPParameters=VirtualMode
USB_OTG_FS.VirtualMode=Device_Only
VP_FATFS_VS_SDIO.Mode=SDIO
VP_FATFS_VS_SDIO.Signal=FATFS_VS_SDIO
VP_FREERTOS_VS_CMSIS_V2.Mode=CMSIS_V2
VP_FREERTOS_VS_CMSIS_V2.Signal=FREERTOS_VS_CMSIS_V2
VP_IWDG1_VS_IWDG.Mode=IWDG_Activate
VP_IWDG1_VS_IWDG.Signal=IWDG1_VS_IWDG
VP_MEMORYMAP_VS_MEMORYMAP.Mode=CurAppReg
VP_MEMORYMAP_VS_MEMORYMAP.Signal=MEMORYMAP_VS_MEMORYMAP
VP_RTC_VS_RTC_Activate.Mode=RTC_Enabled
VP_RTC_VS_RTC_Activate.Signal=RTC_VS_RTC_Activate
VP_SYS_VS_tim12.Mode=TIM12
VP_SYS_VS_tim12.Signal=SYS_VS_tim12
VP_TIM15_VS_ClockSourceINT.Mode=Internal
VP_TIM15_VS_ClockSourceINT.Signal=TIM15_VS_ClockSourceINT
VP_TIM16_VS_ClockSourceINT.Mode=Enable_Timer
VP_TIM16_VS_ClockSourceINT.Signal=TIM16_VS_ClockSourceINT
VP_TIM5_VS_ClockSourceINT.Mode=Internal
VP_TIM5_VS_ClockSourceINT.Signal=TIM5_VS_ClockSourceINT
VP_USB_DEVICE_VS_USB_DEVICE_CDC_FS.Mode=CDC_FS
VP_USB_DEVICE_VS_USB_DEVICE_CDC_FS.Signal=USB_DEVICE_VS_USB_DEVICE_CDC_FS
board=custom
rtos.0.ip=FREERTOS
